%{
  "floki": {:hex, :floki, "0.36.0", "544d5dd8a3107f660633226b5805e47c2ac1fabd782fae86e3b22b02849b20f9", [:mix], [], "hexpm", "ab1ca4b1efb0db00df9a8e726524e2c85be88cf65ac092669186e1674d34d74c"},
  "gleam_erlang": {:hex, :gleam_erlang, "0.24.0", "2d957490ced454ee8be40374709d696371c875b3c121ae1ed0ffc3f1ba14dea2", [:gleam], [{:gleam_stdlib, ">= 0.33.0 and < 2.0.0", [hex: :gleam_stdlib, repo: "hexpm", optional: false]}], "hexpm", "26bdb52e61889f56a291cb34167315780ee4aa20961917314446542c90d1c1a0"},
  "gleam_http": {:hex, :gleam_http, "3.5.3", "42db03b830dad1d1c33780932eca4961973544aad608e619b4c9208a59d32e36", [:gleam], [{:gleam_stdlib, "~> 0.32", [hex: :gleam_stdlib, repo: "hexpm", optional: false]}], "hexpm", "c2fc3322203b16f897c1818d9810f5defce347f0751f3b44421e1261277a7373"},
  "gleam_httpc": {:hex, :gleam_httpc, "2.1.2", "cb811acef595ca2cd9e42ba1c8935267540016780af743b6a42e952dc79fba14", [:gleam], [{:gleam_http, "~> 3.0", [hex: :gleam_http, repo: "hexpm", optional: false]}, {:gleam_stdlib, "~> 0.32 or ~> 1.0", [hex: :gleam_stdlib, repo: "hexpm", optional: false]}], "hexpm", "acd05ca3bac7780df5ffae334621fd199d1b490faf6ecdff74316caa61ce88e6"},
  "gleam_stdlib": {:hex, :gleam_stdlib, "0.36.0", "94e6ade9a15196af7fbd533698dcf42dbe9fa4b93c2e7c82140e1305af2effd9", [:gleam], [], "hexpm", "c0d14d807fec6f8a08a7c9ef8dfde6ae5c10e40e21325b2b29365965d82eb3d4"},
  "gleeunit": {:hex, :gleeunit, "1.0.2", "18ac6607832620b85d90b9249a2f4f1a6968d951708b8092efef797c6e9997f7", [:gleam], [{:gleam_stdlib, "~> 0.32", [hex: :gleam_stdlib, repo: "hexpm", optional: false]}], "hexpm", "d364c87afeb26bdb4fb8a5abde67d635dc9fa52d6ab68416044c35b096c6882d"},
  "ok": {:hex, :ok, "2.3.0", "0a3d513ec9038504dc5359d44e14fc14ef59179e625563a1a144199cdc3a6d30", [:mix], [], "hexpm", "f0347b3f8f115bf347c704184b33cf084f2943771273f2b98a3707a5fa43c4d5"},
}
