lockfileVersion: 5.4

specifiers:
  '@mediapipe/camera_utils': ^0.3.1640029074
  '@mediapipe/drawing_utils': ^0.3.1620248257
  '@mediapipe/face_mesh': ^0.4.1633559619

dependencies:
  '@mediapipe/camera_utils': 0.3.1640029074
  '@mediapipe/drawing_utils': 0.3.1620248257
  '@mediapipe/face_mesh': 0.4.1633559619

packages:

  /@mediapipe/camera_utils/0.3.1640029074:
    resolution: {integrity: sha512-jRV/Mp2lgqNYT68TeVRu/Xq+ptZO9F9vCjxzQsA3VM2r7oXg0TrnfO9De2KKOUTpt0p28dKHs625J8GdWjha8A==}
    dev: false

  /@mediapipe/drawing_utils/0.3.1620248257:
    resolution: {integrity: sha512-s598oo1K6C62mX3rWXJ7n1RJFdXjyQn3f6CeI+lU6kD69MVyBcV3hdmO5LnEZlCw5NRDANtaM8WAOuqZHaldLg==}
    dev: false

  /@mediapipe/face_mesh/0.4.1633559619:
    resolution: {integrity: sha512-Vc8cdjxS5+O2gnjWH9KncYpUCVXT0h714KlWAsyqJvJbIgUJBqpppbIx8yWcAzBDxm/5cYSuBI5p5ySIPxzcEg==}
    dev: false
