{
  "version": "2",
  "remote": {
    "https://deno.land/std@0.170.0/_util/asserts.ts": "d0844e9b62510f89ce1f9878b046f6a57bf88f208a10304aab50efcb48365272",
    "https://deno.land/std@0.170.0/_util/os.ts": "8a33345f74990e627b9dfe2de9b040004b08ea5146c7c9e8fe9a29070d193934",
    "https://deno.land/std@0.170.0/async/abortable.ts": "80b2ac399f142cc528f95a037a7d0e653296352d95c681e284533765961de409",
    "https://deno.land/std@0.170.0/async/deadline.ts": "2c2deb53c7c28ca1dda7a3ad81e70508b1ebc25db52559de6b8636c9278fd41f",
    "https://deno.land/std@0.170.0/async/debounce.ts": "60301ffb37e730cd2d6f9dadfd0ecb2a38857681bd7aaf6b0a106b06e5210a98",
    "https://deno.land/std@0.170.0/async/deferred.ts": "77d3f84255c3627f1cc88699d8472b664d7635990d5358c4351623e098e917d6",
    "https://deno.land/std@0.170.0/async/delay.ts": "5a9bfba8de38840308a7a33786a0155a7f6c1f7a859558ddcec5fe06e16daf57",
    "https://deno.land/std@0.170.0/async/mod.ts": "7809ad4bb223e40f5fdc043e5c7ca04e0e25eed35c32c3c32e28697c553fa6d9",
    "https://deno.land/std@0.170.0/async/mux_async_iterator.ts": "770a0ff26c59f8bbbda6b703a2235f04e379f73238e8d66a087edc68c2a2c35f",
    "https://deno.land/std@0.170.0/async/pool.ts": "6854d8cd675a74c73391c82005cbbe4cc58183bddcd1fbbd7c2bcda42b61cf69",
    "https://deno.land/std@0.170.0/async/retry.ts": "e8e5173623915bbc0ddc537698fa418cf875456c347eda1ed453528645b42e67",
    "https://deno.land/std@0.170.0/async/tee.ts": "3a47cc4e9a940904fd4341f0224907e199121c80b831faa5ec2b054c6d2eff5e",
    "https://deno.land/std@0.170.0/bytes/index_of_needle.ts": "19db73583cf6e038ca7763dd9fe9b9f2733ffa8be530d7b42f52bc9f3c2ee989",
    "https://deno.land/std@0.170.0/collections/map_values.ts": "726a3c2a27683f6870470105ceb9f626815a9e0e0071a01935e7799e7a51f207",
    "https://deno.land/std@0.170.0/crypto/timing_safe_equal.ts": "3784958e40a5fe10429a68b75cc5f8d34356bf0bc2eb93c80c3033e2a6f17821",
    "https://deno.land/std@0.170.0/encoding/base64.ts": "8605e018e49211efc767686f6f687827d7f5fd5217163e981d8d693105640d7a",
    "https://deno.land/std@0.170.0/encoding/base64url.ts": "0283b12fcd306c11e3cf26fc022fecc800c6acc19704ea8bdb3908898fcd06d6",
    "https://deno.land/std@0.170.0/flags/mod.ts": "4f50ec6383c02684db35de38b3ffb2cd5b9fcfcc0b1147055d1980c49e82521c",
    "https://deno.land/std@0.170.0/fmt/colors.ts": "03ad95e543d2808bc43c17a3dd29d25b43d0f16287fe562a0be89bf632454a12",
    "https://deno.land/std@0.170.0/fmt/printf.ts": "e275fc8f189c03bb4134a2c7b52c3a448a4a16e16a85efcd69cd6108c5f48a32",
    "https://deno.land/std@0.170.0/fs/exists.ts": "6a447912e49eb79cc640adacfbf4b0baf8e17ede6d5bed057062ce33c4fa0d68",
    "https://deno.land/std@0.170.0/node/_core.ts": "92e000441742387f7ded7cc582ca4089c0bc13aa5f00cecdfa4876dc832dfd10",
    "https://deno.land/std@0.170.0/node/_events.d.ts": "3899ee9c37055fbb750e32cb43d7c435077c04446af948300080e1a590c6edf0",
    "https://deno.land/std@0.170.0/node/_events.mjs": "303e8aa60ace559e4ca0d19e8475f87311bee9e8330b4b497644d70f2002fc27",
    "https://deno.land/std@0.170.0/node/_fs/_fs_access.ts": "92feecc070e58487c3d129d6fc76e769f2c7a5ffa6707198842eebfa09a2be0a",
    "https://deno.land/std@0.170.0/node/_fs/_fs_appendFile.ts": "f9d83bce0d3eae04246916da5b048313c24d88dfaf063f779c3434f0399d9042",
    "https://deno.land/std@0.170.0/node/_fs/_fs_chmod.ts": "03c18067a37609a33f5a270413457eac83a5818cd023b71d183804e681817f97",
    "https://deno.land/std@0.170.0/node/_fs/_fs_chown.ts": "e072f87628cfea956e945787f0e8af47be325b2e3183ae095279472b1fb9d085",
    "https://deno.land/std@0.170.0/node/_fs/_fs_close.ts": "b23915f763addce9d96116c1e3179d9d33c596903f57e20afa46c4333072a460",
    "https://deno.land/std@0.170.0/node/_fs/_fs_common.ts": "a4f820c9750fea15e90e32fab268658cc88113ce1b884a6cda43c85fbff5a3c7",
    "https://deno.land/std@0.170.0/node/_fs/_fs_constants.ts": "66a07e0c0279ec118851cf30570d25bce3ac13dedb269d53d04e342bbad28cca",
    "https://deno.land/std@0.170.0/node/_fs/_fs_copy.ts": "8e4a352de6df5352f23a37c008e8547efe08a58545208225898b466607db9460",
    "https://deno.land/std@0.170.0/node/_fs/_fs_dir.ts": "beeafa572154696433d8b90424bba13a6139647877732f23d4ab4fc9608984ef",
    "https://deno.land/std@0.170.0/node/_fs/_fs_dirent.ts": "649c0a794e7b8d930cdd7e6a168b404aa0448bf784e0cfbe1bd6d25b99052273",
    "https://deno.land/std@0.170.0/node/_fs/_fs_exists.ts": "87b063b7b1a59b5d2302ba2de2204fbccc1bfbe7fafede8678694cae45b77682",
    "https://deno.land/std@0.170.0/node/_fs/_fs_fdatasync.ts": "bbd078fea6c62c64d898101d697aefbfbb722797a75e328a82c2a4f2e7eb963d",
    "https://deno.land/std@0.170.0/node/_fs/_fs_fstat.ts": "559ff6ff094337db37b0f3108aeaecf42672795af45b206adbd90105afebf9c6",
    "https://deno.land/std@0.170.0/node/_fs/_fs_fsync.ts": "590be69ce5363dd4f8867f244cfabe8df89d40f86bbbe44fd00d69411d0b798e",
    "https://deno.land/std@0.170.0/node/_fs/_fs_ftruncate.ts": "8eb2a9fcf026bd9b85dc07a22bc452c48db4be05ab83f5f2b6a0549e15c1f75f",
    "https://deno.land/std@0.170.0/node/_fs/_fs_futimes.ts": "89c71d38dd6b8e0a97470f3545d739ba04f6e3ca981a664404a825fd772ac2a2",
    "https://deno.land/std@0.170.0/node/_fs/_fs_link.ts": "f7c60f989a60becd6cdc1c553122be34f7c2ed83a900448757982683cebc0ffd",
    "https://deno.land/std@0.170.0/node/_fs/_fs_lstat.ts": "c26a406ccdbc95dd7dab75aca0019b45b41edc07bebd40d9de183780d647a064",
    "https://deno.land/std@0.170.0/node/_fs/_fs_mkdir.ts": "007e5cef536f1f64b10598951d8413aaebdc5ce6a26cb170b8cba1737a8c086d",
    "https://deno.land/std@0.170.0/node/_fs/_fs_mkdtemp.ts": "a037c457d6542eb16df903f7126a4ddb174e37c7d7a58c6fbff86a2147b78509",
    "https://deno.land/std@0.170.0/node/_fs/_fs_open.ts": "41bfe4259f679cf4b407b551896ff0debc16e9b8003be00dc93321a75031749f",
    "https://deno.land/std@0.170.0/node/_fs/_fs_opendir.ts": "4a678152c184b9bbdafc3fbf53f4b2a942f74b954bcbcf6104990957170b2d8b",
    "https://deno.land/std@0.170.0/node/_fs/_fs_read.ts": "6c9a63689bf373aa2b6572e077c446572074dd25868994b0804ac2c644ddf438",
    "https://deno.land/std@0.170.0/node/_fs/_fs_readFile.ts": "7c42f8cb4bad2e37a53314de7831c0735bae010712fd914471850caa4d322ffd",
    "https://deno.land/std@0.170.0/node/_fs/_fs_readdir.ts": "8d186b470aea8411c794687b20effaf1f478abb59956c67b671691d9444b7786",
    "https://deno.land/std@0.170.0/node/_fs/_fs_readlink.ts": "a5582656af6f09361ecb408ed3c0ad3cc3afd683403539e4c22aa06deab90fc0",
    "https://deno.land/std@0.170.0/node/_fs/_fs_realpath.ts": "0bf961c7b13d83e39b21255237b7ef352beb778a8274d03f2419907a8cd5c09c",
    "https://deno.land/std@0.170.0/node/_fs/_fs_rename.ts": "9aa3cf6643499a38ccbfb14435239c7fc0da6b4cb5b5ab1c9e676d42daf27b71",
    "https://deno.land/std@0.170.0/node/_fs/_fs_rm.ts": "82e926fe3e11e2a7f56116d3b7005372c339010cc1a7566a37a5591d19d680c6",
    "https://deno.land/std@0.170.0/node/_fs/_fs_rmdir.ts": "0fd5b390ca97da55f2edd9682bab5b8b9edac0cd5b70823b642aad06e84d169e",
    "https://deno.land/std@0.170.0/node/_fs/_fs_stat.ts": "4ccc93cd1938e5dcc5298feb9c6f0bc9f444fa8565c726854ea40210b93d254c",
    "https://deno.land/std@0.170.0/node/_fs/_fs_symlink.ts": "a9fe02e745a8ab28e152f37e316cb204382f86ebafc3bcf32a9374cf9d369181",
    "https://deno.land/std@0.170.0/node/_fs/_fs_truncate.ts": "1fe9cba3a54132426927639c024a7a354455e5a13b3b3143ad1c25ed0b5fc288",
    "https://deno.land/std@0.170.0/node/_fs/_fs_unlink.ts": "d845c8067a2ba55c443e04d2706e6a4e53735488b30fc317418c9f75127913b0",
    "https://deno.land/std@0.170.0/node/_fs/_fs_utimes.ts": "194eeb8dab1ebdf274f784a38241553cc440305461b30c987ecef1a24dfc01ca",
    "https://deno.land/std@0.170.0/node/_fs/_fs_watch.ts": "aef811e78e04cff3da30dcd334af8d85018f915d1ec7b95f05b2e4c48a7b7a4f",
    "https://deno.land/std@0.170.0/node/_fs/_fs_write.d.ts": "deb5c1a98b6cb1aa79f773f3b8fc9410463f0e30fede1ff9df2652fc11b69d35",
    "https://deno.land/std@0.170.0/node/_fs/_fs_write.mjs": "265f1291a2e908fd2da9fc3cb541be09a592119a29767708354a3bec18645b04",
    "https://deno.land/std@0.170.0/node/_fs/_fs_writeFile.ts": "ff2098d46ded5699a1fc694dd6cf260646fd06646b2a6b8cba3fc8f0a7ec3bc1",
    "https://deno.land/std@0.170.0/node/_fs/_fs_writev.d.ts": "2cc02fc9ed20292e09a22bf215635804f397d9b8ed2df62067a42f3be1b31b76",
    "https://deno.land/std@0.170.0/node/_fs/_fs_writev.mjs": "e500af8857779d404302658225c249b89f20fa4c40058c645b555dd70ca6b54f",
    "https://deno.land/std@0.170.0/node/_global.d.ts": "6dadaf8cec2a0c506b22170617286e0bdc80be53dd0673e67fc7dd37a1130c68",
    "https://deno.land/std@0.170.0/node/_next_tick.ts": "81c1826675493b76f90c646fb1274a4c84b5cc913a80ca4526c32cd7c46a0b06",
    "https://deno.land/std@0.170.0/node/_process/exiting.ts": "bc9694769139ffc596f962087155a8bfef10101d03423b9dcbc51ce6e1f88fce",
    "https://deno.land/std@0.170.0/node/_process/process.ts": "d5bf113a4b62f4abe4cb7ec5a9d00d44dac0ad9e82a23d00cc27d71e05ae8b66",
    "https://deno.land/std@0.170.0/node/_process/stdio.mjs": "971c3b086040d8521562155db13f22f9971d5c42c852b2081d4d2f0d8b6ab6bd",
    "https://deno.land/std@0.170.0/node/_process/streams.mjs": "3ce63d9eb24a8a8ec45eeebf5c184b43d888064f663f87e8f453888368e00f90",
    "https://deno.land/std@0.170.0/node/_stream.d.ts": "83e9da2f81de3205926f1e86ba54442aa5a3caf4c5e84a4c8699402ad340142b",
    "https://deno.land/std@0.170.0/node/_stream.mjs": "9a80217d9734f6e4284aae0ea55dd82b243f5517bc1814e983ad41b01732f712",
    "https://deno.land/std@0.170.0/node/_util/_util_callbackify.ts": "a71353d5fde3dc785cfdf6b6bcad1379a9c78b374720af4aaa7f88ffab2bac0e",
    "https://deno.land/std@0.170.0/node/_utils.ts": "1085a229e910b3a6672f3c3be05507591811dc67be2ae2188e9fc9ef4376b172",
    "https://deno.land/std@0.170.0/node/assert.ts": "25c4383a4aa6f953e1c04b8c6def66b910c040ffebff82fa24fc1f8f36ebd99b",
    "https://deno.land/std@0.170.0/node/assertion_error.ts": "438aca6fc88fca9ad2d0eaf9474efa4e8a42bc62d9df8591e44a2252f5d08962",
    "https://deno.land/std@0.170.0/node/buffer.ts": "43f07b2d1523345bf35b7deb7fcdad6e916020a631a7bc1b5efcaff556db4e1d",
    "https://deno.land/std@0.170.0/node/child_process.ts": "2ce8176b7dbcb6c867869ba09201e9e715393d89b24ecc458c18f8cc59f07dda",
    "https://deno.land/std@0.170.0/node/dns.ts": "d2e6c33902cae784ce24d2e869eb87fa9a14cba0e2d1d4c197939fa4f0739803",
    "https://deno.land/std@0.170.0/node/events.ts": "f848398d3591534ca94ac6b852a9f3c4dbb2da310c3a26059cf4ff06b7eae088",
    "https://deno.land/std@0.170.0/node/fs.ts": "28952cf0d26a9eb928a005739a14fbc177b82ef35342f0714525dfa47d063b52",
    "https://deno.land/std@0.170.0/node/fs/promises.ts": "a437b457b4e6c4fbe903bd9f619392b3b988a4e3521dade6c0974885d6d702a2",
    "https://deno.land/std@0.170.0/node/internal/assert.mjs": "118327c8866266534b30d3a36ad978204af7336dc2db3158b8167192918d4e06",
    "https://deno.land/std@0.170.0/node/internal/async_hooks.ts": "8eca5b80f58ffb259e9b3a73536dc2fe2e67d07fd24bfe2aee325a4aa435edb3",
    "https://deno.land/std@0.170.0/node/internal/buffer.d.ts": "90f674081428a61978b6d481c5f557ff743a3f4a85d7ae113caab48fdf5b8a63",
    "https://deno.land/std@0.170.0/node/internal/buffer.mjs": "50320a6bcf770f03428e77e5ba46b19f69842539c6493b89c6515ba1b0def6ee",
    "https://deno.land/std@0.170.0/node/internal/child_process.ts": "e746650136069abed1c18f23106f3489ebb9e453fe376c758feb906c682b0d25",
    "https://deno.land/std@0.170.0/node/internal/crypto/_keys.ts": "63229ff3d8d15b5bd0a1d2ebc19313cbb8ac969875bf16df1ce4f2b497d74fb5",
    "https://deno.land/std@0.170.0/node/internal/crypto/constants.ts": "d2c8821977aef55e4d66414d623c24a2447791a8b49b6404b8db32d81e20c315",
    "https://deno.land/std@0.170.0/node/internal/dns/promises.ts": "acd0cb07f55b0be9b24ffba86060aab63c5b5eabee400ded28445b7e2bd8590d",
    "https://deno.land/std@0.170.0/node/internal/dns/utils.ts": "9de48245fa5dee62273c9aa4f0054f23abb023d5d46b165ae57198af2b92cf73",
    "https://deno.land/std@0.170.0/node/internal/dtrace.ts": "50dd0e77b0269e47ff673bdb9ad0ef0ea3a3c53ac30c1695883ce4748e04ca14",
    "https://deno.land/std@0.170.0/node/internal/error_codes.ts": "ac03c4eae33de3a69d6c98e8678003207eecf75a6900eb847e3fea3c8c9e6d8f",
    "https://deno.land/std@0.170.0/node/internal/errors.ts": "b9aec7d1fe3eaf21322d0ea9dc2fcb344055d6b0c7a1bd0f62a0c379a5baa799",
    "https://deno.land/std@0.170.0/node/internal/fixed_queue.ts": "455b3c484de48e810b13bdf95cd1658ecb1ba6bcb8b9315ffe994efcde3ba5f5",
    "https://deno.land/std@0.170.0/node/internal/fs/streams.d.ts": "899e69c3179c903d89f448fac3acc742369e10a62e29d658b220e78181be1a40",
    "https://deno.land/std@0.170.0/node/internal/fs/streams.mjs": "7dd52a833589ff273c4c99a0977e69eee56df9f221ae5874a17daaa8ce1a2af5",
    "https://deno.land/std@0.170.0/node/internal/fs/utils.mjs": "7b1bb3f46a676303d2a873bb9c36f199bd2c253451d4bd013ac906a6accea5bd",
    "https://deno.land/std@0.170.0/node/internal/hide_stack_frames.ts": "a91962ec84610bc7ec86022c4593cdf688156a5910c07b5bcd71994225c13a03",
    "https://deno.land/std@0.170.0/node/internal/idna.ts": "3aed89919e3078160733b6e6ac60fdb06052cf0418acbabcf86f90017d102b78",
    "https://deno.land/std@0.170.0/node/internal/net.ts": "1239886cd2508a68624c2dae8abf895e8aa3bb15a748955349f9ac5539032238",
    "https://deno.land/std@0.170.0/node/internal/normalize_encoding.mjs": "3779ec8a7adf5d963b0224f9b85d1bc974a2ec2db0e858396b5d3c2c92138a0a",
    "https://deno.land/std@0.170.0/node/internal/options.ts": "a23c285975e058cb26a19abcb048cd8b46ab12d21cfb028868ac8003fffb43ac",
    "https://deno.land/std@0.170.0/node/internal/primordials.mjs": "7cf5afe471583e4a384eeea109bdff276b6b7f3a3af830f99f951fb7d57ef423",
    "https://deno.land/std@0.170.0/node/internal/process/per_thread.mjs": "bc1be72a6a662bf81573c20fe74893374847a7302065ddf52fb3fb2af505f31f",
    "https://deno.land/std@0.170.0/node/internal/querystring.ts": "c3b23674a379f696e505606ddce9c6feabe9fc497b280c56705c340f4028fe74",
    "https://deno.land/std@0.170.0/node/internal/readline/callbacks.mjs": "17d9270a54fb5dceea8f894669e3401e5c6260bab075a1e9675a62f1fef50d8c",
    "https://deno.land/std@0.170.0/node/internal/readline/utils.mjs": "a93ebb99f85e0dbb4f05f4aff5583d12a15150e45c335e4ecf925e1879dc9c84",
    "https://deno.land/std@0.170.0/node/internal/stream_base_commons.ts": "07c8d367cf7d0f6f48a248d39fbe611af6dad02a33510fcc3ef23f9a9c898b41",
    "https://deno.land/std@0.170.0/node/internal/streams/destroy.mjs": "9c9bbeb172a437041d529829f433df72cf0b63ae49f3ee6080a55ffbef7572ad",
    "https://deno.land/std@0.170.0/node/internal/streams/end-of-stream.mjs": "38be76eaceac231dfde643e72bc0940625446bf6d1dbd995c91c5ba9fd59b338",
    "https://deno.land/std@0.170.0/node/internal/streams/utils.mjs": "a0a6b93a7e68ef52bef4ed00b0c82bb7e335abf360af57335b07c6a3fcdde717",
    "https://deno.land/std@0.170.0/node/internal/timers.mjs": "8079bbe5dccb0b4b6aa7e54ab1fc5e23b25c4f8357f0381d958126becc9ced42",
    "https://deno.land/std@0.170.0/node/internal/url.ts": "eacef0ace4f4c5394e9818a81499f4871b2a993d1bd3b902047e44a381ef0e22",
    "https://deno.land/std@0.170.0/node/internal/util.mjs": "35d24fb775468cd24443bcf0ec68904b8aa44e5b53845491a5e3382421917f9a",
    "https://deno.land/std@0.170.0/node/internal/util/comparisons.ts": "4093f52f05d84842b46496e448fa8d708e25c6d6b8971505fd4913a9d7075934",
    "https://deno.land/std@0.170.0/node/internal/util/debuglog.ts": "570c399f0a066b81f0836eeb926b9142ae7f1738cee9abd85cd12ce32092d5af",
    "https://deno.land/std@0.170.0/node/internal/util/inspect.mjs": "1ddace0c97719d2cc0869ba177d375e96051301352ec235cbfb2ecbfcd4e8fba",
    "https://deno.land/std@0.170.0/node/internal/util/types.ts": "5b15a8051a6e58b6c1a424e0e7137b77b0ef60409d54d05db22a97e0d1d5b589",
    "https://deno.land/std@0.170.0/node/internal/validators.mjs": "67deae0f488d013c8bf485742a5478112b8e48837cb2458c4a8b2669cf7017db",
    "https://deno.land/std@0.170.0/node/internal_binding/_libuv_winerror.ts": "801e05c2742ae6cd42a5f0fd555a255a7308a65732551e962e5345f55eedc519",
    "https://deno.land/std@0.170.0/node/internal_binding/_listen.ts": "c15a356ef4758770fc72d3ca4db33f0cc321016df1aafb927c027c0d73ac2c42",
    "https://deno.land/std@0.170.0/node/internal_binding/_node.ts": "e4075ba8a37aef4eb5b592c8e3807c39cb49ca8653faf8e01a43421938076c1b",
    "https://deno.land/std@0.170.0/node/internal_binding/_timingSafeEqual.ts": "80640f055101071cb3680a2d8a1fead5fd260ca8bf183efb94296b69463e06cd",
    "https://deno.land/std@0.170.0/node/internal_binding/_utils.ts": "1c50883b5751a9ea1b38951e62ed63bacfdc9d69ea665292edfa28e1b1c5bd94",
    "https://deno.land/std@0.170.0/node/internal_binding/_winerror.ts": "8811d4be66f918c165370b619259c1f35e8c3e458b8539db64c704fbde0a7cd2",
    "https://deno.land/std@0.170.0/node/internal_binding/ares.ts": "33ff8275bc11751219af8bd149ea221c442d7e8676e3e9f20ccb0e1f0aac61b8",
    "https://deno.land/std@0.170.0/node/internal_binding/async_wrap.ts": "b83e4021a4854b2e13720f96d21edc11f9905251c64c1bc625a361f574400959",
    "https://deno.land/std@0.170.0/node/internal_binding/buffer.ts": "dfba9e1a50b637cfd72e569aa11959dcaf626b898ab7e851d21526a2bdaec588",
    "https://deno.land/std@0.170.0/node/internal_binding/cares_wrap.ts": "720e6d5cff7018bb3d00e1a49dd4c31f0fc6af3a593ab68cd39e3592ed163d61",
    "https://deno.land/std@0.170.0/node/internal_binding/config.ts": "e292217d048a33573966b7d25352828d3282921fbcadce8735a20fb3da370cc4",
    "https://deno.land/std@0.170.0/node/internal_binding/connection_wrap.ts": "9debd4210d29c658054476fcb640c900725f564ef35412c56dc79eb07213a7c1",
    "https://deno.land/std@0.170.0/node/internal_binding/constants.ts": "1ad4de9f76733320527c8bc841b5e4dd5869424924384157a72f3b171bd05b08",
    "https://deno.land/std@0.170.0/node/internal_binding/contextify.ts": "e292217d048a33573966b7d25352828d3282921fbcadce8735a20fb3da370cc4",
    "https://deno.land/std@0.170.0/node/internal_binding/credentials.ts": "e292217d048a33573966b7d25352828d3282921fbcadce8735a20fb3da370cc4",
    "https://deno.land/std@0.170.0/node/internal_binding/crypto.ts": "d7f39700dc020364edf7f4785e5026bb91f099ce1bd02734182451b1af300c8c",
    "https://deno.land/std@0.170.0/node/internal_binding/errors.ts": "e292217d048a33573966b7d25352828d3282921fbcadce8735a20fb3da370cc4",
    "https://deno.land/std@0.170.0/node/internal_binding/fs.ts": "e292217d048a33573966b7d25352828d3282921fbcadce8735a20fb3da370cc4",
    "https://deno.land/std@0.170.0/node/internal_binding/fs_dir.ts": "e292217d048a33573966b7d25352828d3282921fbcadce8735a20fb3da370cc4",
    "https://deno.land/std@0.170.0/node/internal_binding/fs_event_wrap.ts": "e292217d048a33573966b7d25352828d3282921fbcadce8735a20fb3da370cc4",
    "https://deno.land/std@0.170.0/node/internal_binding/handle_wrap.ts": "71c451060c9f555066d3ebe80de039a4e493a94b76c664450fbefd8f4167eb7e",
    "https://deno.land/std@0.170.0/node/internal_binding/heap_utils.ts": "e292217d048a33573966b7d25352828d3282921fbcadce8735a20fb3da370cc4",
    "https://deno.land/std@0.170.0/node/internal_binding/http_parser.ts": "e292217d048a33573966b7d25352828d3282921fbcadce8735a20fb3da370cc4",
    "https://deno.land/std@0.170.0/node/internal_binding/icu.ts": "e292217d048a33573966b7d25352828d3282921fbcadce8735a20fb3da370cc4",
    "https://deno.land/std@0.170.0/node/internal_binding/inspector.ts": "e292217d048a33573966b7d25352828d3282921fbcadce8735a20fb3da370cc4",
    "https://deno.land/std@0.170.0/node/internal_binding/js_stream.ts": "e292217d048a33573966b7d25352828d3282921fbcadce8735a20fb3da370cc4",
    "https://deno.land/std@0.170.0/node/internal_binding/messaging.ts": "e292217d048a33573966b7d25352828d3282921fbcadce8735a20fb3da370cc4",
    "https://deno.land/std@0.170.0/node/internal_binding/mod.ts": "f68e74e8eed84eaa6b0de24f0f4c47735ed46866d7ee1c5a5e7c0667b4f0540f",
    "https://deno.land/std@0.170.0/node/internal_binding/module_wrap.ts": "e292217d048a33573966b7d25352828d3282921fbcadce8735a20fb3da370cc4",
    "https://deno.land/std@0.170.0/node/internal_binding/native_module.ts": "e292217d048a33573966b7d25352828d3282921fbcadce8735a20fb3da370cc4",
    "https://deno.land/std@0.170.0/node/internal_binding/natives.ts": "e292217d048a33573966b7d25352828d3282921fbcadce8735a20fb3da370cc4",
    "https://deno.land/std@0.170.0/node/internal_binding/node_file.ts": "37d6864897547d95ca24e0f5d01035915db0065bff128bc22191bc93f9ad59ad",
    "https://deno.land/std@0.170.0/node/internal_binding/node_options.ts": "b098e6a1c80fa5003a1669c6828539167ab19337e13d20a47b610144cb888cef",
    "https://deno.land/std@0.170.0/node/internal_binding/options.ts": "e292217d048a33573966b7d25352828d3282921fbcadce8735a20fb3da370cc4",
    "https://deno.land/std@0.170.0/node/internal_binding/os.ts": "e292217d048a33573966b7d25352828d3282921fbcadce8735a20fb3da370cc4",
    "https://deno.land/std@0.170.0/node/internal_binding/performance.ts": "e292217d048a33573966b7d25352828d3282921fbcadce8735a20fb3da370cc4",
    "https://deno.land/std@0.170.0/node/internal_binding/pipe_wrap.ts": "105c73f268cb9ca1c6cebaf4bea089ab12e0c21c8c4e10bb0a14b0abd3e1661e",
    "https://deno.land/std@0.170.0/node/internal_binding/process_methods.ts": "e292217d048a33573966b7d25352828d3282921fbcadce8735a20fb3da370cc4",
    "https://deno.land/std@0.170.0/node/internal_binding/report.ts": "e292217d048a33573966b7d25352828d3282921fbcadce8735a20fb3da370cc4",
    "https://deno.land/std@0.170.0/node/internal_binding/serdes.ts": "e292217d048a33573966b7d25352828d3282921fbcadce8735a20fb3da370cc4",
    "https://deno.land/std@0.170.0/node/internal_binding/signal_wrap.ts": "e292217d048a33573966b7d25352828d3282921fbcadce8735a20fb3da370cc4",
    "https://deno.land/std@0.170.0/node/internal_binding/spawn_sync.ts": "e292217d048a33573966b7d25352828d3282921fbcadce8735a20fb3da370cc4",
    "https://deno.land/std@0.170.0/node/internal_binding/stream_wrap.ts": "64780dc713ee0a2dc36251a62fe533005f07f5996f2c7b61fd8b6fa277c25317",
    "https://deno.land/std@0.170.0/node/internal_binding/string_decoder.ts": "5cb1863763d1e9b458bc21d6f976f16d9c18b3b3f57eaf0ade120aee38fba227",
    "https://deno.land/std@0.170.0/node/internal_binding/symbols.ts": "51cfca9bb6132d42071d4e9e6b68a340a7f274041cfcba3ad02900886e972a6c",
    "https://deno.land/std@0.170.0/node/internal_binding/task_queue.ts": "e292217d048a33573966b7d25352828d3282921fbcadce8735a20fb3da370cc4",
    "https://deno.land/std@0.170.0/node/internal_binding/tcp_wrap.ts": "4217fa10072e048a26f26e5f548b3f38422452c9956265592cac57379a610acb",
    "https://deno.land/std@0.170.0/node/internal_binding/timers.ts": "e292217d048a33573966b7d25352828d3282921fbcadce8735a20fb3da370cc4",
    "https://deno.land/std@0.170.0/node/internal_binding/tls_wrap.ts": "e292217d048a33573966b7d25352828d3282921fbcadce8735a20fb3da370cc4",
    "https://deno.land/std@0.170.0/node/internal_binding/trace_events.ts": "e292217d048a33573966b7d25352828d3282921fbcadce8735a20fb3da370cc4",
    "https://deno.land/std@0.170.0/node/internal_binding/tty_wrap.ts": "e292217d048a33573966b7d25352828d3282921fbcadce8735a20fb3da370cc4",
    "https://deno.land/std@0.170.0/node/internal_binding/types.ts": "69000b1b92e0ca999c737f5add38827742b3ca3fe37a2389c80290de0ae6ef01",
    "https://deno.land/std@0.170.0/node/internal_binding/udp_wrap.ts": "cdd0882eff7e7db631d808608d20f5d1269b40fbcedd4a0972d6ed616a855c79",
    "https://deno.land/std@0.170.0/node/internal_binding/url.ts": "e292217d048a33573966b7d25352828d3282921fbcadce8735a20fb3da370cc4",
    "https://deno.land/std@0.170.0/node/internal_binding/util.ts": "faf5146c3cc3b2d6c26026a818b4a16e91488ab26e63c069f36ba3c3ae24c97b",
    "https://deno.land/std@0.170.0/node/internal_binding/uv.ts": "27922aaec43de314afd99dfca1ce8f4d51ced9f5195e4917b54d387766404f61",
    "https://deno.land/std@0.170.0/node/internal_binding/v8.ts": "e292217d048a33573966b7d25352828d3282921fbcadce8735a20fb3da370cc4",
    "https://deno.land/std@0.170.0/node/internal_binding/worker.ts": "e292217d048a33573966b7d25352828d3282921fbcadce8735a20fb3da370cc4",
    "https://deno.land/std@0.170.0/node/internal_binding/zlib.ts": "e292217d048a33573966b7d25352828d3282921fbcadce8735a20fb3da370cc4",
    "https://deno.land/std@0.170.0/node/net.ts": "b13b3dac2ae3fe8b428610fbfdc6ce14f21862140005de4da40ac074bca13ad8",
    "https://deno.land/std@0.170.0/node/path.ts": "c65858e9cbb52dbc0dd348eefcdc41e82906c39cfa7982f2d4d805e828414b8c",
    "https://deno.land/std@0.170.0/node/path/_constants.ts": "591787ca44a55859644a2d5dbaef43698ab29e72e58fd498ea5e8f78a341ba20",
    "https://deno.land/std@0.170.0/node/path/_interface.ts": "4a6e96c17c1b5acb2b5909583d5808fb4e80e5120d230dd028ec04d2e7d0d906",
    "https://deno.land/std@0.170.0/node/path/_util.ts": "70b4b58098c4638f3bf719fa700c95e308e3984a3f9aca551fab713426ba3cbe",
    "https://deno.land/std@0.170.0/node/path/common.ts": "bee563630abd2d97f99d83c96c2fa0cca7cee103e8cb4e7699ec4d5db7bd2633",
    "https://deno.land/std@0.170.0/node/path/glob.ts": "a5dc1e064e6ce7aaab468ba48e233b02b322c8b6086a312938069ff7ec6ce9fc",
    "https://deno.land/std@0.170.0/node/path/mod.ts": "f9125e20031aac43eef8baa58d852427c762541574513f6870d1d0abd8103252",
    "https://deno.land/std@0.170.0/node/path/posix.ts": "e40c13ad352b3814116d25fed5196b59445e98c7802f9b55c0a8e33f0ddfb5bd",
    "https://deno.land/std@0.170.0/node/path/separator.ts": "7176165f5b8351306357503357a3b241861d8b4e6c60aeb4e992da94f9487dc2",
    "https://deno.land/std@0.170.0/node/path/win32.ts": "6554159c6b21a73bb4647c85c44f42cdbbd84c53c37f57a3a195a47d50c0ab92",
    "https://deno.land/std@0.170.0/node/process.ts": "160ad8df6496ab00ed6ed25589d504855382d2641a0c9c4c6e1c577f770862d5",
    "https://deno.land/std@0.170.0/node/querystring.ts": "ec6d8bd8b138a5c53fe8bc25a37bdd654d5fb76918fb6543864d62474b3860a8",
    "https://deno.land/std@0.170.0/node/stream.ts": "2c6d5d207d0ad295f396b34fd03a908c1638beb1754bc9c1fccd9a4cdcace8be",
    "https://deno.land/std@0.170.0/node/string_decoder.ts": "7b6aaf9f98934fa33f89d7183a03858c0d1961870725d4ba39aa7cc137a9e9a1",
    "https://deno.land/std@0.170.0/node/timers.ts": "c8bb53fb20b3d9c3d84ee98418dda5a644ff0ad8324555b7e3fa1712ae7d3c99",
    "https://deno.land/std@0.170.0/node/url.ts": "c3c01ae65375c2ad4581f9071813b27b590faf5bf68663851b9fde76ff2f242e",
    "https://deno.land/std@0.170.0/node/util.ts": "e926d996318017b41812983cacde63e39c92385de7a19a0cb788fc68f73318db",
    "https://deno.land/std@0.170.0/node/util/types.ts": "5948b43e834f73a4becf85b02049632560c65da9c1127e5c533c83d200d3dfcd",
    "https://deno.land/std@0.170.0/path/_constants.ts": "df1db3ffa6dd6d1252cc9617e5d72165cd2483df90e93833e13580687b6083c3",
    "https://deno.land/std@0.170.0/path/_interface.ts": "ee3b431a336b80cf445441109d089b70d87d5e248f4f90ff906820889ecf8d09",
    "https://deno.land/std@0.170.0/path/_util.ts": "d16be2a16e1204b65f9d0dfc54a9bc472cafe5f4a190b3c8471ec2016ccd1677",
    "https://deno.land/std@0.170.0/path/common.ts": "bee563630abd2d97f99d83c96c2fa0cca7cee103e8cb4e7699ec4d5db7bd2633",
    "https://deno.land/std@0.170.0/path/glob.ts": "81cc6c72be002cd546c7a22d1f263f82f63f37fe0035d9726aa96fc8f6e4afa1",
    "https://deno.land/std@0.170.0/path/mod.ts": "cf7cec7ac11b7048bb66af8ae03513e66595c279c65cfa12bfc07d9599608b78",
    "https://deno.land/std@0.170.0/path/posix.ts": "b859684bc4d80edfd4cad0a82371b50c716330bed51143d6dcdbe59e6278b30c",
    "https://deno.land/std@0.170.0/path/separator.ts": "fe1816cb765a8068afb3e8f13ad272351c85cbc739af56dacfc7d93d710fe0f9",
    "https://deno.land/std@0.170.0/path/win32.ts": "7cebd2bda6657371adc00061a1d23fdd87bcdf64b4843bb148b0b24c11b40f69",
    "https://deno.land/std@0.170.0/streams/write_all.ts": "7525aa90e34a2bb56d094403ad9c0e31e7db87a47cb556e6dc0404e6deca084c",
    "https://deno.land/std@0.170.0/testing/_diff.ts": "a23e7fc2b4d8daa3e158fa06856bedf5334ce2a2831e8bf9e509717f455adb2c",
    "https://deno.land/std@0.170.0/testing/_format.ts": "cd11136e1797791045e639e9f0f4640d5b4166148796cad37e6ef75f7d7f3832",
    "https://deno.land/std@0.170.0/testing/asserts.ts": "51353e79437361d4b02d8e32f3fc83b22231bc8f8d4c841d86fd32b0b0afe940",
    "https://deno.land/x/crayon@3.3.2/mod.ts": "82ad225583a483c4837577971629cddaa22614093af8353da6426b9366de9780",
    "https://deno.land/x/crayon@3.3.2/src/conversions.ts": "9bfd3b1fbe412bcba092890ac558b6beaad4c3aa399cd99d45fadb324d28afd6",
    "https://deno.land/x/crayon@3.3.2/src/crayon.ts": "66baa0847531496ebae49ee31f56491010d83345d538240c31bbb59b2da0b2d4",
    "https://deno.land/x/crayon@3.3.2/src/styles.ts": "aa588b57b2c0482dc5c6f53109b4287831a9827c0aeef9a88129beae1172c1ee",
    "https://deno.land/x/crayon@3.3.2/src/util.ts": "af8884a917488de76ac0c2b92482093ade74514ece77a4c64e5eb5b0f6ed68e6",
    "https://esm.sh/blessed@0.1.81": "9a41b6232c717471ccb389cb0fe517bf67cb989cfbf845b85482c8005c070818",
    "https://esm.sh/cli-fuzzy-search@2.0.0": "b61ab907c172fcc8d6a9aada613a260ae7b965f9541829b8490ec834c667e2e5",
    "https://esm.sh/v102/@types/blessed@0.1.19/index.d.ts": "57cf0fdd42b9458e618209ef7327a694e2d165bc25e0d1d03648268c902d6737",
    "https://esm.sh/v102/@types/node@16.18.10/buffer.d.ts": "af01db90dbe695f399b7007ce56ca10c9517577744f23b536906ffcba53b6472",
    "https://esm.sh/v102/@types/node@16.18.10/child_process.d.ts": "5fe6921ba3888d35cfd7423b6798494af1acd88f2b19d78d98a7c5fb732b0ccc",
    "https://esm.sh/v102/@types/node@16.18.10/crypto.d.ts": "cc7c5ab239df585a30d2ea8c0228b2949a9beab698fdf78adf6642e14aabcc0b",
    "https://esm.sh/v102/@types/node@16.18.10/dns.d.ts": "0e7fa2ab35dbd7cc78dc7169105155f43a044b2b11929afa77ede9e1e4c80da2",
    "https://esm.sh/v102/@types/node@16.18.10/dns/promises.d.ts": "652d4fb9115e4dcf72196c8231ec6df18ae209edd20a641386b592f98ccf54c3",
    "https://esm.sh/v102/@types/node@16.18.10/events.d.ts": "57aa81ea9ad86ea9ee00b979972a7ea14a7f7261996a68406488149ea549d243",
    "https://esm.sh/v102/@types/node@16.18.10/fs.d.ts": "2807ba6ecd0c7b6f8a009a00e35bbd32147bd344c305d2ac5d7330ecc4497918",
    "https://esm.sh/v102/@types/node@16.18.10/fs/promises.d.ts": "c72ded151854b51338b5a8bf0e77c09a4f27e374ae48922f88add5f469bb9768",
    "https://esm.sh/v102/@types/node@16.18.10/http.d.ts": "ff38df789788a80bc522c0b97d89f02659b5e4147b4317db6bf4e4d316e4813b",
    "https://esm.sh/v102/@types/node@16.18.10/net.d.ts": "83dc7396a801aff54fde589c4507e6c0a37f5ca09345e724b6712c695fc57494",
    "https://esm.sh/v102/@types/node@16.18.10/querystring.d.ts": "1ef19cfaa100115458c9995c793549620987c472b63576f63ab3158315adf9d9",
    "https://esm.sh/v102/@types/node@16.18.10/stream.d.ts": "93997b9b39868e0841ca0009efe44d8969571a9d749b7149d1e6048f8b717d42",
    "https://esm.sh/v102/@types/node@16.18.10/stream/consumers.d.ts": "033c9db1c584ccc253059207dc4479445fc7bd5fb498c7c365dee09ff972c120",
    "https://esm.sh/v102/@types/node@16.18.10/stream/promises.d.ts": "7049efb62907b96eede2d7548d3e5177f940e7fadfae01ef8e3bdb174c672f8e",
    "https://esm.sh/v102/@types/node@16.18.10/stream/web.d.ts": "ec9869d5092ddf936760e33ba8c2f11cd79bcc3f5648a8697ea6ed1ebfa88583",
    "https://esm.sh/v102/@types/node@16.18.10/tls.d.ts": "b9c6372e0ec7bef5177da0de0f4d3422254defa67ee58b7720f04e9ffe4202a5",
    "https://esm.sh/v102/@types/node@16.18.10/url.d.ts": "dc08f234ce59520c2ed48ffe77f15db159d3c14f6ec6f634d71ebe43b81fb1ef",
    "https://esm.sh/v102/ansi-regex@2.1.1/deno/ansi-regex.js": "21b3bf1676a5ed9502070d163bdc9700555bb9c1036f59aee25e43564259941d",
    "https://esm.sh/v102/ansi-styles@2.2.1/deno/ansi-styles.js": "239451490f220e026578905b893b0ecd1276c1a793f2c1c3ae0b5af8664bd7eb",
    "https://esm.sh/v102/blessed@0.1.81/deno/blessed.js": "2457f6cb7ad82d3a429edd79c6fe27285cf7142829d9aa613a79c074b7ad8da3",
    "https://esm.sh/v102/chalk@1.1.3/deno/chalk.js": "bb875c02a6b927d7ad4ed8ce959fe5d4ec4727f798714241c0ee6dcaaf11b961",
    "https://esm.sh/v102/cli-fuzzy-search@2.0.0/deno/cli-fuzzy-search.js": "d801a7bc938e258f4c2ac38fd6a0eb6a06e2eea6df91cfd80e63a16b6687a8ee",
    "https://esm.sh/v102/draftlog@1.0.13/deno/draftlog.js": "0f119b64ac856a27af339c9337318ba1479c54dd527553df0dd5904f3d619fe4",
    "https://esm.sh/v102/escape-string-regexp@1.0.5/deno/escape-string-regexp.js": "65295de159fc0f387ac0aaa220aa74b853d01972b92f3a5fbefa76e4000acaf4",
    "https://esm.sh/v102/has-ansi@2.0.0/deno/has-ansi.js": "5ef96b5acd455a218cd93b79e6a59b29d8ff7fce20f6896aca92855b23b8ea74",
    "https://esm.sh/v102/lodash.debounce@4.0.8/deno/lodash.debounce.js": "5f162172f8cc6624c3dd26044a03c130f44a0d13d65a5c905c4a83b70bb47259",
    "https://esm.sh/v102/node.ns.d.ts": "0fb081f0cd2150931bd54baa04f31466abd9ca701fd9060d07931402cf8367ba",
    "https://esm.sh/v102/strip-ansi@3.0.1/deno/strip-ansi.js": "09a8c9b432ad28df462a404df58922d4fb9726e0259f627c9eac662f0e409951",
    "https://esm.sh/v102/supports-color@2.0.0/deno/supports-color.js": "ec3bf93a608b76b303f9d90d51eb7ef7f0b728a144b5a6b3dfef0e47aea3924e",
    "https://raw.githubusercontent.com/Im-Beast/deno_tui/main/mod.ts": "f3ed32af93f2419aaa60b70425453e5efd6ddd42378d734a943beafe3013d99d",
    "https://raw.githubusercontent.com/Im-Beast/deno_tui/main/src/canvas.ts": "6fea7cdbcb17ac3591bd71ef0c45b77b54064cabc07d563fe051536fb8b718e8",
    "https://raw.githubusercontent.com/Im-Beast/deno_tui/main/src/component.ts": "370ab3555362912e8813515841ce2143af3b77c99d2774b3814bc48fa8c2afca",
    "https://raw.githubusercontent.com/Im-Beast/deno_tui/main/src/components/box.ts": "e40e85b95cc35b24288f77a8b76d2863b339d8e7bc4dbce7898e1267d9905625",
    "https://raw.githubusercontent.com/Im-Beast/deno_tui/main/src/components/label.ts": "a8c02fcd88ffbd1bdda9fa04923fcddd68d2b0df585a2b9bd711753074964c2c",
    "https://raw.githubusercontent.com/Im-Beast/deno_tui/main/src/components/scrollable_view.ts": "09f690357ea33055f370eb8608289ea0fa5ecfd4958ffcdb227192423ff8de04",
    "https://raw.githubusercontent.com/Im-Beast/deno_tui/main/src/components/slider.ts": "1b713fef8fb558cddcb7b3c82b2cfb2c43541bde1f8bda19efb8c77a0b198326",
    "https://raw.githubusercontent.com/Im-Beast/deno_tui/main/src/components/view.ts": "b5b8e066deb634a292523abbec40a8d3dcbe13d90b64c5a98433818ba1fd5daa",
    "https://raw.githubusercontent.com/Im-Beast/deno_tui/main/src/event_emitter.ts": "716cc1427324dfc09cb094481773e00ddebfde3ef670eb2dca5cd0dc68339b66",
    "https://raw.githubusercontent.com/Im-Beast/deno_tui/main/src/key_reader.ts": "6d2209ff018b3d0c402b0ff1a77827b7497ab58cb885cffb6a111ebf60d0f573",
    "https://raw.githubusercontent.com/Im-Beast/deno_tui/main/src/key_reader/types.ts": "23d9008e2f2541cac6ffb5fffe65a4b03199adcc3ff7b1276dfdf214b3888f8f",
    "https://raw.githubusercontent.com/Im-Beast/deno_tui/main/src/key_reader/unix.ts": "9caa5d48bf7f2ecc4a94855cfbfa94e95a9ab618a55bc3b935e9e8acfb961cc4",
    "https://raw.githubusercontent.com/Im-Beast/deno_tui/main/src/key_reader/windows.ts": "4715ee0380d318acc150c7f8ee1d42ed8694fb9fd7cf065cd06e91f047d3014c",
    "https://raw.githubusercontent.com/Im-Beast/deno_tui/main/src/keyboard.ts": "f663323b2256801776fffe7b4ea6e93db15921ad581192de732c1926b85b325c",
    "https://raw.githubusercontent.com/Im-Beast/deno_tui/main/src/mouse.ts": "3b2ff74dd968bb3bbe881999cc57988a624ef3297926dce9c510431fffa38f7e",
    "https://raw.githubusercontent.com/Im-Beast/deno_tui/main/src/theme.ts": "400102288d6a0f3e427644733cd833e54a52d0bca0875ced13129677e747ca93",
    "https://raw.githubusercontent.com/Im-Beast/deno_tui/main/src/tui.ts": "15ea6ecc5d57d708fda39e9cc4ae8788719adb10970d2e28bc685388a64a4982",
    "https://raw.githubusercontent.com/Im-Beast/deno_tui/main/src/types.ts": "c16c426f900667fe10eee21d9ac997dfd03c9ff2702e94b9522492d9fb60af2b",
    "https://raw.githubusercontent.com/Im-Beast/deno_tui/main/src/utils/ansi_codes.ts": "5aa84c4f21dc9329763ceb79e4b796a9d1d0ec4ed55b693b241c4d70d56926f0",
    "https://raw.githubusercontent.com/Im-Beast/deno_tui/main/src/utils/async.ts": "5a6fe376a59b7b2b962f72c8d81fe9c42526d4b9b29e4d7aa435f52ba28e51cb",
    "https://raw.githubusercontent.com/Im-Beast/deno_tui/main/src/utils/component.ts": "522ed1ae86d758357e545edb00f0a89aaecff8fea9b4132892060b7dd60435b2",
    "https://raw.githubusercontent.com/Im-Beast/deno_tui/main/src/utils/deffered.ts": "531a1ca38f45c10ca6612a7c60df7725ffa088186ba634e8e9c2763193acd31b",
    "https://raw.githubusercontent.com/Im-Beast/deno_tui/main/src/utils/mod.ts": "db88048756a9691b7b1c7d28d1fc0865df8361f46436b9f8f57088471ed88930",
    "https://raw.githubusercontent.com/Im-Beast/deno_tui/main/src/utils/numbers.ts": "02a05c623d922d286c9b74332e15cb578004c772d90c077ca85470506b628308",
    "https://raw.githubusercontent.com/Im-Beast/deno_tui/main/src/utils/sorted_array.ts": "886a2e92c4d623a694e8ce98519731be08ee475b1969c346afd187a64b159c2d",
    "https://raw.githubusercontent.com/Im-Beast/deno_tui/main/src/utils/strings.ts": "aeae9c4c82d3bfb54e200a8851b7774338f364b7566214eae853fb98cb8b1767",
    "https://raw.githubusercontent.com/naholyr/cli-fuzzy-search/master/lib/fuzzy.js": "de8562460509a7dc2b476cd6b5d5a29274884d87fc300a37f1640aca60bb4897"
  },
  "npm": {
    "specifiers": {
      "blessed": "blessed@0.1.81",
      "cli-fuzzy-search": "cli-fuzzy-search@2.0.0",
      "fzf": "fzf@0.5.1"
    },
    "packages": {
      "ansi-regex@2.1.1": {
        "integrity": "sha512-TIGnTpdo+E3+pCyAluZvtED5p5wCqLdezCyhPZzKPcxvFplEt4i+W7OONCKgeZFT3+y5NZZfOOS/Bdcanm1MYA==",
        "dependencies": {}
      },
      "ansi-styles@2.2.1": {
        "integrity": "sha512-kmCevFghRiWM7HB5zTPULl4r9bVFSWjz62MhqizDGUrq2NWuNMQyuv4tHHoKJHs69M/MF64lEcHdYIocrdWQYA==",
        "dependencies": {}
      },
      "blessed@0.1.81": {
        "integrity": "sha512-LoF5gae+hlmfORcG1M5+5XZi4LBmvlXTzwJWzUlPryN/SJdSflZvROM2TwkT0GMpq7oqT48NRd4GS7BiVBc5OQ==",
        "dependencies": {}
      },
      "chalk@1.1.3": {
        "integrity": "sha512-U3lRVLMSlsCfjqYPbLyVv11M9CPW4I728d6TCKMAOJueEeB9/8o+eSsMnxPJD+Q+K909sdESg7C+tIkoH6on1A==",
        "dependencies": {
          "ansi-styles": "ansi-styles@2.2.1",
          "escape-string-regexp": "escape-string-regexp@1.0.5",
          "has-ansi": "has-ansi@2.0.0",
          "strip-ansi": "strip-ansi@3.0.1",
          "supports-color": "supports-color@2.0.0"
        }
      },
      "cli-fuzzy-search@2.0.0": {
        "integrity": "sha512-prgvuLhp6+urwrLc3vvrj5onqXgTKHXvcadJoSeQFUH7lN29QQp8sOjkOnN+A8DtwJBTOFqhnkY5VJcXybrQbw==",
        "dependencies": {
          "chalk": "chalk@1.1.3",
          "draftlog": "draftlog@1.0.13",
          "lodash.debounce": "lodash.debounce@4.0.8"
        }
      },
      "draftlog@1.0.13": {
        "integrity": "sha512-GeMWOpXERBpfVDK6v7m0x1hPg8+g8ZsZWqJl2T17wHqrm4h8fnjiZmXcnCrmwogAc6R3YTxFXax15wezfuyCUw==",
        "dependencies": {}
      },
      "escape-string-regexp@1.0.5": {
        "integrity": "sha512-vbRorB5FUQWvla16U8R/qgaFIya2qGzwDrNmCZuYKrbdSUMG6I1ZCGQRefkRVhuOkIGVne7BQ35DSfo1qvJqFg==",
        "dependencies": {}
      },
      "fzf@0.5.1": {
        "integrity": "sha512-AJ9BBt/3K/IyCF+pQjdG194kVSS1hU/v/RnZgiCtYZzA0rj2OBVwwjBRUOclo9yJl2ovjtdw3C31/8/rnT0uug==",
        "dependencies": {}
      },
      "has-ansi@2.0.0": {
        "integrity": "sha512-C8vBJ8DwUCx19vhm7urhTuUsr4/IyP6l4VzNQDv+ryHQObW3TTTp9yB68WpYgRe2bbaGuZ/se74IqFeVnMnLZg==",
        "dependencies": { "ansi-regex": "ansi-regex@2.1.1" }
      },
      "lodash.debounce@4.0.8": {
        "integrity": "sha512-FT1yDzDYEoYWhnSGnpE/4Kj1fLZkDFyqRb7fNt6FdYOSxlUWAtp42Eh6Wb0rGIv/m9Bgo7x4GhQbm5Ys4SG5ow==",
        "dependencies": {}
      },
      "strip-ansi@3.0.1": {
        "integrity": "sha512-VhumSSbBqDTP8p2ZLKj40UjBCV4+v8bUSEpUb4KjRgWk9pbqGF4REFj6KEagidb2f/M6AzC0EmFyDNGaw9OCzg==",
        "dependencies": { "ansi-regex": "ansi-regex@2.1.1" }
      },
      "supports-color@2.0.0": {
        "integrity": "sha512-KKNVtd6pCYgPIKU4cp2733HWYCpplQhddZLBUryaAHou723x+FRzQ5Df824Fj+IyyuiQTRoub4SnIFfIcrp70g==",
        "dependencies": {}
      }
    }
  }
}
