lockfileVersion: 5.4

specifiers:
  miauth-js: ^0.0.4
  misskey-js: ^0.0.15

dependencies:
  miauth-js: 0.0.4
  misskey-js: 0.0.15

packages:

  /@deno/shim-crypto/0.3.1:
    resolution: {integrity: sha512-ed4pNnfur6UbASEgF34gVxR9p7Mc3qF+Ygbmjiil8ws5IhNFhPDFy5vE5hQAUA9JmVsSxXPcVLM5Rf8LOZqQ5Q==}
    dev: false

  /@deno/shim-deno-test/0.3.3:
    resolution: {integrity: sha512-Ge0Tnl7zZY0VvEfgsyLhjid8DzI1d0La0dgm+3m0/A8gZXgp5xwlyIyue5e4SCUuVB/3AH/0lun9LcJhhTwmbg==}
    dev: false

  /@deno/shim-deno/0.10.0:
    resolution: {integrity: sha512-E7rQ0Hk33V45xQXKEnCxizdSP5C+hhqw1H3xWXsct3kYFWgG93B5gN3LKlyvcxbckt8d67jVa6s+y5duRYawvg==}
    dependencies:
      '@deno/shim-deno-test': 0.3.3
      which: 2.0.2
    dev: false

  /autobind-decorator/2.4.0:
    resolution: {integrity: sha512-OGYhWUO72V6DafbF8PM8rm3EPbfuyMZcJhtm5/n26IDwO18pohE4eNazLoCGhPiXOCD0gEGmrbU3849QvM8bbw==}
    engines: {node: '>=8.10', npm: '>=6.4.1'}
    dev: false

  /eventemitter3/4.0.7:
    resolution: {integrity: sha512-8guHBZCwKnFhYdHr2ysuRWErTwhoN2X8XELRlrRwpmfeY2jjuUN4taQMsULKUVo1K4DvZl+0pgfyoysHxvmvEw==}
    dev: false

  /isexe/2.0.0:
    resolution: {integrity: sha512-RHxMLp9lnKHGHRng9QFhRCMbYAcVpn69smSGcq3f36xjgVVWThj4qqLbTLlq7Ssj8B+fIQ1EuCEGI2lKsyQeIw==}
    dev: false

  /miauth-js/0.0.4:
    resolution: {integrity: sha512-GsNVLzwPcKEsjrVD0Id5oLvZ7uL2iA20JcMOvUfqxjOYKol/W9Ks2fkyYY/YsgeIdaNdqgcQ95ZNXhgBhpe5Cw==}
    dependencies:
      '@deno/shim-crypto': 0.3.1
      '@deno/shim-deno': 0.10.0
    dev: false

  /misskey-js/0.0.15:
    resolution: {integrity: sha512-sCfQcPooD5Tfe/5pDr5JojAthhGot+hlidw67tj+7+AtZO5He3kBhsjJydY0vru6w3RFM5mzYR6SYISSBR/1WQ==}
    dependencies:
      autobind-decorator: 2.4.0
      eventemitter3: 4.0.7
      reconnecting-websocket: 4.4.0
    dev: false

  /reconnecting-websocket/4.4.0:
    resolution: {integrity: sha512-D2E33ceRPga0NvTDhJmphEgJ7FUYF0v4lr1ki0csq06OdlxKfugGzN0dSkxM/NfqCxYELK4KcaTOUOjTV6Dcng==}
    dev: false

  /which/2.0.2:
    resolution: {integrity: sha512-BLI3Tl1TW3Pvl70l3yq3Y64i+awpwXqsGBYWkkqMtnbXgrMD+yj7rhW0kuEDxzJaYXGjEW5ogapKNMEKNMjibA==}
    engines: {node: '>= 8'}
    hasBin: true
    dependencies:
      isexe: 2.0.0
    dev: false
