{
  "version": "3",
  "packages": {
    "specifiers": {
      "jsr:@std/assert": "jsr:@std/assert@0.225.3",
      "jsr:@std/async": "jsr:@std/async@0.224.1",
      "jsr:@std/internal@^1.0.0": "jsr:@std/internal@1.0.0",
      "npm:jsonwebtoken": "npm:jsonwebtoken@9.0.2"
    },
    "jsr": {
      "@std/assert@0.225.3": {
        "integrity": "b3c2847aecf6955b50644cdb9cf072004ea3d1998dd7579fc0acb99dbb23bd4f",
        "dependencies": [
          "jsr:@std/internal@^1.0.0"
        ]
      },
      "@std/async@0.224.1": {
        "integrity": "2fda2c8151cc5811a6ca37fe825f1f71c95e02a374abb6ef868e0e19eca814a5"
      },
      "@std/internal@1.0.0": {
        "integrity": "ac6a6dfebf838582c4b4f61a6907374e27e05bedb6ce276e0f1608fe84e7cd9a"
      }
    },
    "npm": {
      "buffer-equal-constant-time@1.0.1": {
        "integrity": "sha512-zRpUiDwd/xk6ADqPMATG8vc9VPrkck7T07OIx0gnjmJAnHnTVXNQG3vfvWNuiZIkwu9KrKdA1iJKfsfTVxE6NA==",
        "dependencies": {}
      },
      "ecdsa-sig-formatter@1.0.11": {
        "integrity": "sha512-nagl3RYrbNv6kQkeJIpt6NJZy8twLB/2vtz6yN9Z4vRKHN4/QZJIEbqohALSgwKdnksuY3k5Addp5lg8sVoVcQ==",
        "dependencies": {
          "safe-buffer": "safe-buffer@5.2.1"
        }
      },
      "jsonwebtoken@9.0.2": {
        "integrity": "sha512-PRp66vJ865SSqOlgqS8hujT5U4AOgMfhrwYIuIhfKaoSCZcirrmASQr8CX7cUg+RMih+hgznrjp99o+W4pJLHQ==",
        "dependencies": {
          "jws": "jws@3.2.2",
          "lodash.includes": "lodash.includes@4.3.0",
          "lodash.isboolean": "lodash.isboolean@3.0.3",
          "lodash.isinteger": "lodash.isinteger@4.0.4",
          "lodash.isnumber": "lodash.isnumber@3.0.3",
          "lodash.isplainobject": "lodash.isplainobject@4.0.6",
          "lodash.isstring": "lodash.isstring@4.0.1",
          "lodash.once": "lodash.once@4.1.1",
          "ms": "ms@2.1.3",
          "semver": "semver@7.6.2"
        }
      },
      "jwa@1.4.1": {
        "integrity": "sha512-qiLX/xhEEFKUAJ6FiBMbes3w9ATzyk5W7Hvzpa/SLYdxNtng+gcurvrI7TbACjIXlsJyr05/S1oUhZrc63evQA==",
        "dependencies": {
          "buffer-equal-constant-time": "buffer-equal-constant-time@1.0.1",
          "ecdsa-sig-formatter": "ecdsa-sig-formatter@1.0.11",
          "safe-buffer": "safe-buffer@5.2.1"
        }
      },
      "jws@3.2.2": {
        "integrity": "sha512-YHlZCB6lMTllWDtSPHz/ZXTsi8S00usEV6v1tjq8tOUZzw7DpSDWVXjXDre6ed1w/pd495ODpHZYSdkRTsa0HA==",
        "dependencies": {
          "jwa": "jwa@1.4.1",
          "safe-buffer": "safe-buffer@5.2.1"
        }
      },
      "lodash.includes@4.3.0": {
        "integrity": "sha512-W3Bx6mdkRTGtlJISOvVD/lbqjTlPPUDTMnlXZFnVwi9NKJ6tiAk6LVdlhZMm17VZisqhKcgzpO5Wz91PCt5b0w==",
        "dependencies": {}
      },
      "lodash.isboolean@3.0.3": {
        "integrity": "sha512-Bz5mupy2SVbPHURB98VAcw+aHh4vRV5IPNhILUCsOzRmsTmSQ17jIuqopAentWoehktxGd9e/hbIXq980/1QJg==",
        "dependencies": {}
      },
      "lodash.isinteger@4.0.4": {
        "integrity": "sha512-DBwtEWN2caHQ9/imiNeEA5ys1JoRtRfY3d7V9wkqtbycnAmTvRRmbHKDV4a0EYc678/dia0jrte4tjYwVBaZUA==",
        "dependencies": {}
      },
      "lodash.isnumber@3.0.3": {
        "integrity": "sha512-QYqzpfwO3/CWf3XP+Z+tkQsfaLL/EnUlXWVkIk5FUPc4sBdTehEqZONuyRt2P67PXAk+NXmTBcc97zw9t1FQrw==",
        "dependencies": {}
      },
      "lodash.isplainobject@4.0.6": {
        "integrity": "sha512-oSXzaWypCMHkPC3NvBEaPHf0KsA5mvPrOPgQWDsbg8n7orZ290M0BmC/jgRZ4vcJ6DTAhjrsSYgdsW/F+MFOBA==",
        "dependencies": {}
      },
      "lodash.isstring@4.0.1": {
        "integrity": "sha512-0wJxfxH1wgO3GrbuP+dTTk7op+6L41QCXbGINEmD+ny/G/eCqGzxyCsh7159S+mgDDcoarnBw6PC1PS5+wUGgw==",
        "dependencies": {}
      },
      "lodash.once@4.1.1": {
        "integrity": "sha512-Sb487aTOCr9drQVL8pIxOzVhafOjZN9UU54hiN8PU3uAiSV7lx1yYNpbNmex2PK6dSJoNTSJUUswT651yww3Mg==",
        "dependencies": {}
      },
      "ms@2.1.3": {
        "integrity": "sha512-6FlzubTLZG3J2a/NVCAleEhjzq5oxgHyaCU9yYXvcLsvoVaHJq/s5xXI6/XXP6tz7R9xAOtHnSO/tXtF3WRTlA==",
        "dependencies": {}
      },
      "safe-buffer@5.2.1": {
        "integrity": "sha512-rp3So07KcdmmKbGvgaNxQSJr7bGVSVk5S9Eq1F+ppbRo70+YeaDxkw5Dd8NPN+GD6bjnYm2VuPuCXmpuYvmCXQ==",
        "dependencies": {}
      },
      "semver@7.6.2": {
        "integrity": "sha512-FNAIBWCx9qcRhoHcgcJ0gvU7SN1lYU2ZXuSfl04bSC5OpvDHFyJCjdNHomPXxjQlCBU67YW64PzY7/VIEH7F2w==",
        "dependencies": {}
      }
    }
  },
  "remote": {
    "https://deno.land/std@0.213.0/assert/assert.ts": "bec068b2fccdd434c138a555b19a2c2393b71dfaada02b7d568a01541e67cdc5",
    "https://deno.land/std@0.213.0/assert/assertion_error.ts": "9f689a101ee586c4ce92f52fa7ddd362e86434ffdf1f848e45987dc7689976b8",
    "https://deno.land/std@0.213.0/bytes/concat.ts": "9cac3b4376afbef98ff03588eb3cf948e0d1eb6c27cfe81a7651ab6dd3adc54a",
    "https://deno.land/std@0.213.0/bytes/copy.ts": "f29c03168853720dfe82eaa57793d0b9e3543ebfe5306684182f0f1e3bfd422a",
    "https://deno.land/std@0.213.0/fmt/colors.ts": "aeaee795471b56fc62a3cb2e174ed33e91551b535f44677f6320336aabb54fbb",
    "https://deno.land/std@0.213.0/fs/_create_walk_entry.ts": "5d9d2aaec05bcf09a06748b1684224d33eba7a4de24cf4cf5599991ca6b5b412",
    "https://deno.land/std@0.213.0/fs/_get_file_info_type.ts": "da7bec18a7661dba360a1db475b826b18977582ce6fc9b25f3d4ee0403fe8cbd",
    "https://deno.land/std@0.213.0/fs/_is_same_path.ts": "709c95868345fea051c58b9e96af95cff94e6ae98dfcff2b66dee0c212c4221f",
    "https://deno.land/std@0.213.0/fs/_is_subdir.ts": "c68b309d46cc8568ed83c000f608a61bbdba0943b7524e7a30f9e450cf67eecd",
    "https://deno.land/std@0.213.0/fs/_to_path_string.ts": "29bfc9c6c112254961d75cbf6ba814d6de5349767818eb93090cecfa9665591e",
    "https://deno.land/std@0.213.0/fs/copy.ts": "dc0f68c4b6c3b090bfdb909387e309f6169b746bd713927c9507c9ef545d71f6",
    "https://deno.land/std@0.213.0/fs/empty_dir.ts": "4f01e6d56e2aa8d90ad60f20bc25601f516b00f6c3044cdf6863a058791d91aa",
    "https://deno.land/std@0.213.0/fs/ensure_dir.ts": "dffff68de0d10799b5aa9e39dec4e327e12bbd29e762292193684542648c4aeb",
    "https://deno.land/std@0.213.0/fs/ensure_file.ts": "ac5cfde94786b0284d2c8e9f7f9425269bea1b2140612b4aea1f20b508870f59",
    "https://deno.land/std@0.213.0/fs/ensure_link.ts": "d42af2edefeaa9817873ec6e46dc5d209ac4d744f8c69c5ecc2dffade78465b6",
    "https://deno.land/std@0.213.0/fs/ensure_symlink.ts": "aee3f1655700f60090b4a3037f5b6c07ab37c36807cccad746ce89987719e6d2",
    "https://deno.land/std@0.213.0/fs/eol.ts": "c9807291f78361d49fd986a9be04654610c615c5e2ec63d748976197d30ff206",
    "https://deno.land/std@0.213.0/fs/exists.ts": "d2757ef764eaf5c6c5af7228e8447db2de42ab084a2dae540097f905723d83f5",
    "https://deno.land/std@0.213.0/fs/expand_glob.ts": "a64e4ab51f62780f764789c9cdeacc862d221e35207fb81170a980ccc22868e3",
    "https://deno.land/std@0.213.0/fs/mod.ts": "107f5afa4424c2d3ce2f7e9266173198da30302c69af662c720115fe504dc5ee",
    "https://deno.land/std@0.213.0/fs/move.ts": "39e0d7ccb88a566d20b949712020e766b15ef1ec19159573d11f949bd677909c",
    "https://deno.land/std@0.213.0/fs/walk.ts": "f04cc83ad3b27b5a5d078c831a01c7406069474bf280d5db015d937149a60128",
    "https://deno.land/std@0.213.0/io/_constants.ts": "3c7ad4695832e6e4a32e35f218c70376b62bc78621ef069a4a0a3d55739f8856",
    "https://deno.land/std@0.213.0/io/buf_reader.ts": "ccbd43ace0a9eebbd5e1b4765724b79da79d1e28b90c2b08537b99192da4a1f7",
    "https://deno.land/std@0.213.0/io/buffer.ts": "79182995c8340ece2fa8763a8da86d282c507e854921d0a4c2ba7425c63609ef",
    "https://deno.land/std@0.213.0/io/read_all.ts": "876c1cb20adea15349c72afc86cecd3573335845ae778967aefb5e55fe5a8a4a",
    "https://deno.land/std@0.213.0/io/types.ts": "748bbb3ac96abda03594ef5a0db15ce5450dcc6c0d841c8906f8b10ac8d32c96",
    "https://deno.land/std@0.213.0/io/write_all.ts": "24aac2312bb21096ae3ae0b102b22c26164d3249dff96dbac130958aa736f038",
    "https://deno.land/std@0.213.0/path/_common/assert_path.ts": "2ca275f36ac1788b2acb60fb2b79cb06027198bc2ba6fb7e163efaedde98c297",
    "https://deno.land/std@0.213.0/path/_common/basename.ts": "569744855bc8445f3a56087fd2aed56bdad39da971a8d92b138c9913aecc5fa2",
    "https://deno.land/std@0.213.0/path/_common/common.ts": "6157c7ec1f4db2b4a9a187efd6ce76dcaf1e61cfd49f87e40d4ea102818df031",
    "https://deno.land/std@0.213.0/path/_common/constants.ts": "dc5f8057159f4b48cd304eb3027e42f1148cf4df1fb4240774d3492b5d12ac0c",
    "https://deno.land/std@0.213.0/path/_common/dirname.ts": "684df4aa71a04bbcc346c692c8485594fc8a90b9408dfbc26ff32cf3e0c98cc8",
    "https://deno.land/std@0.213.0/path/_common/format.ts": "92500e91ea5de21c97f5fe91e178bae62af524b72d5fcd246d6d60ae4bcada8b",
    "https://deno.land/std@0.213.0/path/_common/from_file_url.ts": "d672bdeebc11bf80e99bf266f886c70963107bdd31134c4e249eef51133ceccf",
    "https://deno.land/std@0.213.0/path/_common/glob_to_reg_exp.ts": "2007aa87bed6eb2c8ae8381adcc3125027543d9ec347713c1ad2c68427330770",
    "https://deno.land/std@0.213.0/path/_common/normalize.ts": "684df4aa71a04bbcc346c692c8485594fc8a90b9408dfbc26ff32cf3e0c98cc8",
    "https://deno.land/std@0.213.0/path/_common/normalize_string.ts": "dfdf657a1b1a7db7999f7c575ee7e6b0551d9c20f19486c6c3f5ff428384c965",
    "https://deno.land/std@0.213.0/path/_common/relative.ts": "faa2753d9b32320ed4ada0733261e3357c186e5705678d9dd08b97527deae607",
    "https://deno.land/std@0.213.0/path/_common/strip_trailing_separators.ts": "7024a93447efcdcfeaa9339a98fa63ef9d53de363f1fbe9858970f1bba02655a",
    "https://deno.land/std@0.213.0/path/_common/to_file_url.ts": "7f76adbc83ece1bba173e6e98a27c647712cab773d3f8cbe0398b74afc817883",
    "https://deno.land/std@0.213.0/path/_interface.ts": "a1419fcf45c0ceb8acdccc94394e3e94f99e18cfd32d509aab514c8841799600",
    "https://deno.land/std@0.213.0/path/_os.ts": "8fb9b90fb6b753bd8c77cfd8a33c2ff6c5f5bc185f50de8ca4ac6a05710b2c15",
    "https://deno.land/std@0.213.0/path/basename.ts": "5d341aadb7ada266e2280561692c165771d071c98746fcb66da928870cd47668",
    "https://deno.land/std@0.213.0/path/common.ts": "03e52e22882402c986fe97ca3b5bb4263c2aa811c515ce84584b23bac4cc2643",
    "https://deno.land/std@0.213.0/path/constants.ts": "0c206169ca104938ede9da48ac952de288f23343304a1c3cb6ec7625e7325f36",
    "https://deno.land/std@0.213.0/path/dirname.ts": "85bd955bf31d62c9aafdd7ff561c4b5fb587d11a9a5a45e2b01aedffa4238a7c",
    "https://deno.land/std@0.213.0/path/extname.ts": "593303db8ae8c865cbd9ceec6e55d4b9ac5410c1e276bfd3131916591b954441",
    "https://deno.land/std@0.213.0/path/format.ts": "98fad25f1af7b96a48efb5b67378fcc8ed77be895df8b9c733b86411632162af",
    "https://deno.land/std@0.213.0/path/from_file_url.ts": "911833ae4fd10a1c84f6271f36151ab785955849117dc48c6e43b929504ee069",
    "https://deno.land/std@0.213.0/path/glob.ts": "04510962905d4b1513b44da9cb195914e0fa46c24359f6feaca20848d797dcb0",
    "https://deno.land/std@0.213.0/path/glob_to_regexp.ts": "83c5fd36a8c86f5e72df9d0f45317f9546afa2ce39acaafe079d43a865aced08",
    "https://deno.land/std@0.213.0/path/is_absolute.ts": "4791afc8bfd0c87f0526eaa616b0d16e7b3ab6a65b62942e50eac68de4ef67d7",
    "https://deno.land/std@0.213.0/path/is_glob.ts": "a65f6195d3058c3050ab905705891b412ff942a292bcbaa1a807a74439a14141",
    "https://deno.land/std@0.213.0/path/join.ts": "ae2ec5ca44c7e84a235fd532e4a0116bfb1f2368b394db1c4fb75e3c0f26a33a",
    "https://deno.land/std@0.213.0/path/join_globs.ts": "e9589869a33dc3982101898ee50903db918ca00ad2614dbe3934d597d7b1fbea",
    "https://deno.land/std@0.213.0/path/mod.ts": "ffeaccb713dbe6c72e015b7c767f753f8ec5fbc3b621ff5eeee486ffc2c0ddda",
    "https://deno.land/std@0.213.0/path/normalize.ts": "4155743ccceeed319b350c1e62e931600272fad8ad00c417b91df093867a8352",
    "https://deno.land/std@0.213.0/path/normalize_glob.ts": "98ee8268fad271193603271c203ae973280b5abfbdd2cbca1053fd2af71869ca",
    "https://deno.land/std@0.213.0/path/parse.ts": "65e8e285f1a63b714e19ef24b68f56e76934c3df0b6e65fd440d3991f4f8aefb",
    "https://deno.land/std@0.213.0/path/posix/_util.ts": "1e3937da30f080bfc99fe45d7ed23c47dd8585c5e473b2d771380d3a6937cf9d",
    "https://deno.land/std@0.213.0/path/posix/basename.ts": "39ee27a29f1f35935d3603ccf01d53f3d6e0c5d4d0f84421e65bd1afeff42843",
    "https://deno.land/std@0.213.0/path/posix/common.ts": "26f60ccc8b2cac3e1613000c23ac5a7d392715d479e5be413473a37903a2b5d4",
    "https://deno.land/std@0.213.0/path/posix/constants.ts": "93481efb98cdffa4c719c22a0182b994e5a6aed3047e1962f6c2c75b7592bef1",
    "https://deno.land/std@0.213.0/path/posix/dirname.ts": "6535d2bdd566118963537b9dda8867ba9e2a361015540dc91f5afbb65c0cce8b",
    "https://deno.land/std@0.213.0/path/posix/extname.ts": "8d36ae0082063c5e1191639699e6f77d3acf501600a3d87b74943f0ae5327427",
    "https://deno.land/std@0.213.0/path/posix/format.ts": "185e9ee2091a42dd39e2a3b8e4925370ee8407572cee1ae52838aed96310c5c1",
    "https://deno.land/std@0.213.0/path/posix/from_file_url.ts": "951aee3a2c46fd0ed488899d024c6352b59154c70552e90885ed0c2ab699bc40",
    "https://deno.land/std@0.213.0/path/posix/glob_to_regexp.ts": "54d3ff40f309e3732ab6e5b19d7111d2d415248bcd35b67a99defcbc1972e697",
    "https://deno.land/std@0.213.0/path/posix/is_absolute.ts": "cebe561ad0ae294f0ce0365a1879dcfca8abd872821519b4fcc8d8967f888ede",
    "https://deno.land/std@0.213.0/path/posix/is_glob.ts": "8a8b08c08bf731acf2c1232218f1f45a11131bc01de81e5f803450a5914434b9",
    "https://deno.land/std@0.213.0/path/posix/join.ts": "aef88d5fa3650f7516730865dbb951594d1a955b785e2450dbee93b8e32694f3",
    "https://deno.land/std@0.213.0/path/posix/join_globs.ts": "ee2f4676c5b8a0dfa519da58b8ade4d1c4aa8dd3fe35619edec883ae9df1f8c9",
    "https://deno.land/std@0.213.0/path/posix/mod.ts": "563a18c2b3ddc62f3e4a324ff0f583e819b8602a72ad880cb98c9e2e34f8db5b",
    "https://deno.land/std@0.213.0/path/posix/normalize.ts": "baeb49816a8299f90a0237d214cef46f00ba3e95c0d2ceb74205a6a584b58a91",
    "https://deno.land/std@0.213.0/path/posix/normalize_glob.ts": "65f0138fa518ef9ece354f32889783fc38cdf985fb02dcf1c3b14fa47d665640",
    "https://deno.land/std@0.213.0/path/posix/parse.ts": "d5bac4eb21262ab168eead7e2196cb862940c84cee572eafedd12a0d34adc8fb",
    "https://deno.land/std@0.213.0/path/posix/relative.ts": "3907d6eda41f0ff723d336125a1ad4349112cd4d48f693859980314d5b9da31c",
    "https://deno.land/std@0.213.0/path/posix/resolve.ts": "bac20d9921beebbbb2b73706683b518b1d0c1b1da514140cee409e90d6b2913a",
    "https://deno.land/std@0.213.0/path/posix/separator.ts": "c9ecae5c843170118156ac5d12dc53e9caf6a1a4c96fc8b1a0ab02dff5c847b0",
    "https://deno.land/std@0.213.0/path/posix/to_file_url.ts": "7aa752ba66a35049e0e4a4be5a0a31ac6b645257d2e031142abb1854de250aaf",
    "https://deno.land/std@0.213.0/path/posix/to_namespaced_path.ts": "28b216b3c76f892a4dca9734ff1cc0045d135532bfd9c435ae4858bfa5a2ebf0",
    "https://deno.land/std@0.213.0/path/relative.ts": "ab739d727180ed8727e34ed71d976912461d98e2b76de3d3de834c1066667add",
    "https://deno.land/std@0.213.0/path/resolve.ts": "a6f977bdb4272e79d8d0ed4333e3d71367cc3926acf15ac271f1d059c8494d8d",
    "https://deno.land/std@0.213.0/path/separator.ts": "c6c890507f944a1f5cb7d53b8d638d6ce3cf0f34609c8d84a10c1eaa400b77a9",
    "https://deno.land/std@0.213.0/path/to_file_url.ts": "88f049b769bce411e2d2db5bd9e6fd9a185a5fbd6b9f5ad8f52bef517c4ece1b",
    "https://deno.land/std@0.213.0/path/to_namespaced_path.ts": "b706a4103b104cfadc09600a5f838c2ba94dbcdb642344557122dda444526e40",
    "https://deno.land/std@0.213.0/path/windows/_util.ts": "d5f47363e5293fced22c984550d5e70e98e266cc3f31769e1710511803d04808",
    "https://deno.land/std@0.213.0/path/windows/basename.ts": "e2dbf31d1d6385bfab1ce38c333aa290b6d7ae9e0ecb8234a654e583cf22f8fe",
    "https://deno.land/std@0.213.0/path/windows/common.ts": "26f60ccc8b2cac3e1613000c23ac5a7d392715d479e5be413473a37903a2b5d4",
    "https://deno.land/std@0.213.0/path/windows/constants.ts": "5afaac0a1f67b68b0a380a4ef391bf59feb55856aa8c60dfc01bd3b6abb813f5",
    "https://deno.land/std@0.213.0/path/windows/dirname.ts": "33e421be5a5558a1346a48e74c330b8e560be7424ed7684ea03c12c21b627bc9",
    "https://deno.land/std@0.213.0/path/windows/extname.ts": "165a61b00d781257fda1e9606a48c78b06815385e7d703232548dbfc95346bef",
    "https://deno.land/std@0.213.0/path/windows/format.ts": "bbb5ecf379305b472b1082cd2fdc010e44a0020030414974d6029be9ad52aeb6",
    "https://deno.land/std@0.213.0/path/windows/from_file_url.ts": "ced2d587b6dff18f963f269d745c4a599cf82b0c4007356bd957cb4cb52efc01",
    "https://deno.land/std@0.213.0/path/windows/glob_to_regexp.ts": "6dcd1242bd8907aa9660cbdd7c93446e6927b201112b0cba37ca5d80f81be51b",
    "https://deno.land/std@0.213.0/path/windows/is_absolute.ts": "4a8f6853f8598cf91a835f41abed42112cebab09478b072e4beb00ec81f8ca8a",
    "https://deno.land/std@0.213.0/path/windows/is_glob.ts": "8a8b08c08bf731acf2c1232218f1f45a11131bc01de81e5f803450a5914434b9",
    "https://deno.land/std@0.213.0/path/windows/join.ts": "e0b3356615c1a75c56ebb6a7311157911659e11fd533d80d724800126b761ac3",
    "https://deno.land/std@0.213.0/path/windows/join_globs.ts": "ee2f4676c5b8a0dfa519da58b8ade4d1c4aa8dd3fe35619edec883ae9df1f8c9",
    "https://deno.land/std@0.213.0/path/windows/mod.ts": "7d6062927bda47c47847ffb55d8f1a37b0383840aee5c7dfc93984005819689c",
    "https://deno.land/std@0.213.0/path/windows/normalize.ts": "78126170ab917f0ca355a9af9e65ad6bfa5be14d574c5fb09bb1920f52577780",
    "https://deno.land/std@0.213.0/path/windows/normalize_glob.ts": "179c86ba89f4d3fe283d2addbe0607341f79ee9b1ae663abcfb3439db2e97810",
    "https://deno.land/std@0.213.0/path/windows/parse.ts": "b9239edd892a06a06625c1b58425e199f018ce5649ace024d144495c984da734",
    "https://deno.land/std@0.213.0/path/windows/relative.ts": "3e1abc7977ee6cc0db2730d1f9cb38be87b0ce4806759d271a70e4997fc638d7",
    "https://deno.land/std@0.213.0/path/windows/resolve.ts": "75b2e3e1238d840782cee3d8864d82bfaa593c7af8b22f19c6422cf82f330ab3",
    "https://deno.land/std@0.213.0/path/windows/separator.ts": "e51c5522140eff4f8402617c5c68a201fdfa3a1a8b28dc23587cff931b665e43",
    "https://deno.land/std@0.213.0/path/windows/to_file_url.ts": "1cd63fd35ec8d1370feaa4752eccc4cc05ea5362a878be8dc7db733650995484",
    "https://deno.land/std@0.213.0/path/windows/to_namespaced_path.ts": "4ffa4fb6fae321448d5fe810b3ca741d84df4d7897e61ee29be961a6aac89a4c",
    "https://deno.land/std@0.213.0/streams/reader_from_stream_reader.ts": "f981cf94a42133e5c6ace8c3b500565750806c4fc9802262ee63746abc528b0d",
    "https://deno.land/std@0.213.0/streams/writer_from_stream_writer.ts": "b0e39ef607dfdc5abdfb627edf61a9672809463e2bb022afcbaf0cd006c40feb",
    "https://deno.land/std@0.221.0/encoding/_util.ts": "beacef316c1255da9bc8e95afb1fa56ed69baef919c88dc06ae6cb7a6103d376",
    "https://deno.land/std@0.221.0/encoding/base64.ts": "8ccae67a1227b875340a8582ff707f37b131df435b07080d3bb58e07f5f97807",
    "https://deno.land/std@0.221.0/encoding/base64url.ts": "9cc46cf510436be63ac00ebf97a7de1993e603ca58e1853b344bf90d80ea9945",
    "https://deno.land/std@0.224.0/streams/merge_readable_streams.ts": "73eed8ff54c9111b8b974b11a5a11c1ed0b7800e0157c39277ccac3ed14721e2",
    "https://deno.land/x/dax@0.39.2/mod.ts": "309f96ce11fa8a1bb244fdfdcb60fa66f092200a72295402094aab88bdf02bdd",
    "https://deno.land/x/dax@0.39.2/src/command.ts": "01980353fec193bbc7f1c3690bb87472607d0b1b7d9844d17904920b907cd0de",
    "https://deno.land/x/dax@0.39.2/src/command_handler.ts": "a9e40f0f1ec57318e62904b5785fede82dcdf1101922ebb3ebfad8f1c4d9c8df",
    "https://deno.land/x/dax@0.39.2/src/commands/args.ts": "a138aef24294e3cbf13cef08f4836d018e8dd99fd06ad82e7e7f08ef680bbc1d",
    "https://deno.land/x/dax@0.39.2/src/commands/cat.ts": "ac42675faaf87609fd5d4bff9a7741cef7fd4465d6de709b8ccabe70f7fd4c98",
    "https://deno.land/x/dax@0.39.2/src/commands/cd.ts": "32533465933fada680c1fc887e24b65c8d4de3f5f98d0f55950dcead64da445c",
    "https://deno.land/x/dax@0.39.2/src/commands/cp_mv.ts": "29a11a0f6c81e9a19b897c9b3178594f06a55a00ca28cb63c17773e154b34299",
    "https://deno.land/x/dax@0.39.2/src/commands/echo.ts": "4672ad44a39fdcb3f9d9296a7c5773895bfae0f50a617fd999d1f0ca62a6aa36",
    "https://deno.land/x/dax@0.39.2/src/commands/exit.ts": "508a388671240381a2a9a8910d4bf068421ace27ae1cc10c056df48cf9d23334",
    "https://deno.land/x/dax@0.39.2/src/commands/export.ts": "c10d1dc6a45fd00e40afa6b19d7ecd29d09333f422b5b0fc75863baf13350969",
    "https://deno.land/x/dax@0.39.2/src/commands/mkdir.ts": "28220eae8d7e872dca26b8217ad1b7e15eacf24e92d80277201caacbbecb8232",
    "https://deno.land/x/dax@0.39.2/src/commands/printenv.ts": "8e1210b01ef5fcb8de71623f1195aab6ee034dbe684cd08e068ab855f9133ff9",
    "https://deno.land/x/dax@0.39.2/src/commands/pwd.ts": "113af521c5dc257310c26815295c691b8f894051249d1eb8ba49a46965e28c68",
    "https://deno.land/x/dax@0.39.2/src/commands/rm.ts": "a3441ddf9cb8f07fdf1657cb475caefcae71b71378681f4948e8ada93ef4478d",
    "https://deno.land/x/dax@0.39.2/src/commands/sleep.ts": "2ba65ab19ae0f78709070f43d588c8fd3ff76d0299d2485e587aaaed7b86dd51",
    "https://deno.land/x/dax@0.39.2/src/commands/test.ts": "336008d64d9737474ee225be9f8bd6fbad3f1c2128ba427e1b42d2c98366554f",
    "https://deno.land/x/dax@0.39.2/src/commands/touch.ts": "b8229c2c38b56ebff054dd8dc70109cb85bcef5aaf160193fd80ac93924aa7ad",
    "https://deno.land/x/dax@0.39.2/src/commands/unset.ts": "a85e9aca0606fd582114c5fc1f97fd6838a766110bad72dce7bd386172c1fbbb",
    "https://deno.land/x/dax@0.39.2/src/common.ts": "7a96f3e4d576f92be12364d520107cff54b3d1a98124b5a88538494c5109c6e6",
    "https://deno.land/x/dax@0.39.2/src/console/confirm.ts": "d9128d10b77fcc0a8df2784f71c79df68f5c8e00a34b04547b9ba9ddf1c97f96",
    "https://deno.land/x/dax@0.39.2/src/console/logger.ts": "e0ab5025915cef70df03681c756e211f25bb2e4331f82ed4256b17ddd9e794ea",
    "https://deno.land/x/dax@0.39.2/src/console/mod.ts": "de8af7d646f6cb222eee6560171993690247941b13ed9d757789d16f019d73ee",
    "https://deno.land/x/dax@0.39.2/src/console/multiSelect.ts": "31003744e58f45f720271bd034d8cfba1055c954ba02d77a2f2eb21e4c1ed55a",
    "https://deno.land/x/dax@0.39.2/src/console/progress/format.ts": "15ddbb8051580f88ed499281e12ca6f881f875ab73268d7451d7113ee130bd7d",
    "https://deno.land/x/dax@0.39.2/src/console/progress/interval.ts": "54ffc8c7501f8ab0b6370e120c00e9e2d3e9b0640fc2dc2989bbf22855172ed0",
    "https://deno.land/x/dax@0.39.2/src/console/progress/mod.ts": "dd9330c3edd1790d70808d043f417f0eaf80a4442a945545c38e47ce11e907b6",
    "https://deno.land/x/dax@0.39.2/src/console/prompt.ts": "1ad65c8a5a27fb58ce6138f8ebefe2fca4cd12015fea550fbdc62f875d4b31f7",
    "https://deno.land/x/dax@0.39.2/src/console/select.ts": "c9d7124d975bf34d52ea1ac88fd610ed39db8ee6505b9bb53f371cef2f56c6ab",
    "https://deno.land/x/dax@0.39.2/src/console/utils.ts": "6f2c4d7c98c13d40b0a16af622d654495eace06778343eb1507ecd0f3875d3ab",
    "https://deno.land/x/dax@0.39.2/src/deps.ts": "c6f4195419244d38879d4dd14de5190a507818ac62a5a992493c7567a1235f7d",
    "https://deno.land/x/dax@0.39.2/src/lib/mod.ts": "7d9d0cf99ecd3ff5c3e5329ea9e456b737581afb4a5c94c3f90244c990b5630d",
    "https://deno.land/x/dax@0.39.2/src/lib/rs_lib.generated.js": "0a1a482c4387379106ef0da69534ebc5b0c2a1ec9f6dab76833fe84a7e6bbdf6",
    "https://deno.land/x/dax@0.39.2/src/path.ts": "a1ca507225a516336f083432b992d83ad4cddeea9a91eef69abbbebb729721ae",
    "https://deno.land/x/dax@0.39.2/src/pipes.ts": "5ed17dc0aea34d219568d59c826c04e319a91497cac2be7c51a99603a3771c70",
    "https://deno.land/x/dax@0.39.2/src/request.ts": "21de624bc21155cf6143ea5eddf4de706944e26af10219957da4b8b20c7104ce",
    "https://deno.land/x/dax@0.39.2/src/result.ts": "719a9b4bc6bafeec785106744381cd5f37927c973334fcba6a33b6418fb9e7be",
    "https://deno.land/x/dax@0.39.2/src/runtimes/process.common.ts": "692afd5fa15f40ce452904fa5ce380462cee56fbee7abe271e509e78da997200",
    "https://deno.land/x/dax@0.39.2/src/runtimes/process.deno.ts": "50f85a086a9208b26c10dc2c1406fd9274226401f670d6862fdee05433c9ea4e",
    "https://deno.land/x/dax@0.39.2/src/shell.ts": "b95677094cc553c987f0f113a95a45d72f2896ef82754f9831029efbbafea5d5",
    "https://deno.land/x/dax@0.39.2/src/vendor/outdent.ts": "4d0283726579688c50b20c4b779e068acd3fa159a8784a4549e5e21bbef0ae64",
    "https://deno.land/x/djwt@v3.0.2/algorithm.ts": "b1c6645f9dbd6e6c47c123a3b18c28b956f91c65ed17f5b6d5d968fc3750542b",
    "https://deno.land/x/djwt@v3.0.2/deps.ts": "a7954fe567f2097b4f6aca11d091b6df658e485a817ac4dee47257ed5c28fd6e",
    "https://deno.land/x/djwt@v3.0.2/mod.ts": "962d8f2c4d6a4db111f45d777b152356aec31ba7db0ca664601175a422629857",
    "https://deno.land/x/djwt@v3.0.2/signature.ts": "16238fbf558267c85dd6c0178045f006c8b914a7301db87149f3318326569272",
    "https://deno.land/x/djwt@v3.0.2/util.ts": "5cb264d2125c553678e11446bcfa0494025d120e3f59d0a3ab38f6800def697d",
    "https://deno.land/x/jose@v5.3.0/index.ts": "1c955404289ff08dc03d31fc8ce3186ffeaae9ac0fdcf3f128f047ce770bf559",
    "https://deno.land/x/jose@v5.3.0/jwe/compact/decrypt.ts": "2d32f0b41e1cc4f428b6dcae1c8931fae9756d7ece45d9e870c558ed1ab27bc8",
    "https://deno.land/x/jose@v5.3.0/jwe/compact/encrypt.ts": "d147705bc7e2675cfb546f78676ec91f432c93ff28022f7125a71d72454bec90",
    "https://deno.land/x/jose@v5.3.0/jwe/flattened/decrypt.ts": "3393ab6561e532c8a3d472c5174c7b7c630cc36f06560cc71d6b7a0b69371825",
    "https://deno.land/x/jose@v5.3.0/jwe/flattened/encrypt.ts": "de3572efbc65a79cd8ef21d85adc55fa71bd98bf204b44fd8974f3d3dfe773cc",
    "https://deno.land/x/jose@v5.3.0/jwe/general/decrypt.ts": "f9c702cbc7d380b8f314bd001f5ac339b1505754c0d22348135fe05ff98306bf",
    "https://deno.land/x/jose@v5.3.0/jwe/general/encrypt.ts": "760901c766461a4256dbcc7691354a1a66519c82c87615c01c2e49660207c040",
    "https://deno.land/x/jose@v5.3.0/jwk/embedded.ts": "eaa14282f8e0cf757ed3d26a2d278e1bc15a178954e86fc601719be8f32abd74",
    "https://deno.land/x/jose@v5.3.0/jwk/thumbprint.ts": "dddb12cfccb323b1d49e56ac8250bcaa3740d632376dc58ebb16491e3e574e3d",
    "https://deno.land/x/jose@v5.3.0/jwks/local.ts": "d521cfdbe9b667b9ba2491be46f659556a2c0f695c6ee51455c577836e74ff99",
    "https://deno.land/x/jose@v5.3.0/jwks/remote.ts": "767bdc6d276cbbd2adcfdb4029e87a0abe834bf2e79ebb205615d611a008e85a",
    "https://deno.land/x/jose@v5.3.0/jws/compact/sign.ts": "1e88d19dc26d3ea5f2ce3da989813daf5c555d8dec6528051530f7b5a3e87bae",
    "https://deno.land/x/jose@v5.3.0/jws/compact/verify.ts": "ec53206a9b8732117a93b928acb134a13abdd7803dd09835b597867678107426",
    "https://deno.land/x/jose@v5.3.0/jws/flattened/sign.ts": "0ccf19562026e0678b0e62c0788b375b443b597986cd0c84f1929cdb2bd1048d",
    "https://deno.land/x/jose@v5.3.0/jws/flattened/verify.ts": "cdd8ede7d302cd0411983305fa5186f76119b6dd50a85fcfac19a0e1a9ec1796",
    "https://deno.land/x/jose@v5.3.0/jws/general/sign.ts": "b40b40ce59f12dc58d30a553cb865821d8c2487513c144f608163e847d5a5375",
    "https://deno.land/x/jose@v5.3.0/jws/general/verify.ts": "46043b2c4e2829e88d889a434f4dd3cab4d9865b324abc3b02a61cb738e59d74",
    "https://deno.land/x/jose@v5.3.0/jwt/decrypt.ts": "2d541db2380760634bf20e8dfacabbf97aa5f80eb77735400c9e43cfe397234c",
    "https://deno.land/x/jose@v5.3.0/jwt/encrypt.ts": "b9a6de7c7ac4797d2f97f47481538752e0623e40c99cc98056cc2ae957129875",
    "https://deno.land/x/jose@v5.3.0/jwt/produce.ts": "c1f66aedfa626e81d34ab44330d580cbfe4588f57a6ff7669b986d909fae02aa",
    "https://deno.land/x/jose@v5.3.0/jwt/sign.ts": "54d0a761056edeec428a956abd8db034a20536d87fc7b7a2d4fbf953e931aa37",
    "https://deno.land/x/jose@v5.3.0/jwt/unsecured.ts": "6d930c64c05477b1e9c95219f766816698b9a099213270f6d8059af414767aca",
    "https://deno.land/x/jose@v5.3.0/jwt/verify.ts": "905cb1f2ca01157a9f38e5dfd3495306e348b9ca84e70c359d4731afcec19a64",
    "https://deno.land/x/jose@v5.3.0/key/export.ts": "5addf06a10ce16bb24e630a8f0e5473eff2cbc1ac549ba29fd8ecf0610778edc",
    "https://deno.land/x/jose@v5.3.0/key/generate_key_pair.ts": "6ef50b33427eab5c895189774b562e61c7195609d5701a8e5b0357181a8062e4",
    "https://deno.land/x/jose@v5.3.0/key/generate_secret.ts": "3f87f5df76b8d05613e134660297285bece39a40b10640b7cf66417cfcaee32f",
    "https://deno.land/x/jose@v5.3.0/key/import.ts": "697efbc4621f1707784bbba6e204145c6756536bdad13851226faff6f40a155c",
    "https://deno.land/x/jose@v5.3.0/lib/aesgcmkw.ts": "6d307f6710b2879fdde07c8e39688ece9019f02170334aa216db4878fc7a6ac8",
    "https://deno.land/x/jose@v5.3.0/lib/buffer_utils.ts": "0b64941bf694bc810b2c917b61474be46c54854da76bb42b20f1642102542ff1",
    "https://deno.land/x/jose@v5.3.0/lib/cek.ts": "a474becfe1c2d86fbcf3a24cdcd96274beb8d61bd17926e5f345001f39df922b",
    "https://deno.land/x/jose@v5.3.0/lib/check_iv_length.ts": "118eb531167126c8421d71a21f2cfdc10a658c933e178b33395ef3e962c54f80",
    "https://deno.land/x/jose@v5.3.0/lib/check_key_type.ts": "81f5a2c3764464d2b917a1c55c6011d312184e8c68e43bee51565c2db1b166c4",
    "https://deno.land/x/jose@v5.3.0/lib/check_p2s.ts": "2f5549e121c43019ac85a3bb3fe8cb98a397122dcaa80f3cd8bf5fcf314e1f67",
    "https://deno.land/x/jose@v5.3.0/lib/crypto_key.ts": "b75ba81390a90ea741cf174117d96e7851b221ebd9b0dfb806061175c24aed4f",
    "https://deno.land/x/jose@v5.3.0/lib/decrypt_key_management.ts": "9551fc03b4952c7771e76aec46b568f28c34950811d86eb13893eb565946ddf6",
    "https://deno.land/x/jose@v5.3.0/lib/encrypt_key_management.ts": "ec08f264e7dde341171d6272e9db639ae3718cc7047b3117735ab960d9bd01d4",
    "https://deno.land/x/jose@v5.3.0/lib/epoch.ts": "cd608f73f6c100e8156c6020ec2bce6757e01759793f0d6aab23908d3d2ea933",
    "https://deno.land/x/jose@v5.3.0/lib/format_pem.ts": "b5230682e7a89609238015b77f33afd248f3e0f69bcb5895eece2f86d83100f6",
    "https://deno.land/x/jose@v5.3.0/lib/invalid_key_input.ts": "55cebdd0eaf3f2bc3c9a2a814bef94e7fc72ed58faafaad8d6c2e4b759139427",
    "https://deno.land/x/jose@v5.3.0/lib/is_disjoint.ts": "b5ea1cb260899f5cfb04f032029956e637067714a275d13be429fc53287a4b17",
    "https://deno.land/x/jose@v5.3.0/lib/is_object.ts": "43549ddc51a3b3d4c22b953b191a961fbb61fb5081e8efb88ad075afa1f4d214",
    "https://deno.land/x/jose@v5.3.0/lib/iv.ts": "4766d9ad87b478bb7344094f38c8561181b72f8678edd1b5226d1e0f9ab677fc",
    "https://deno.land/x/jose@v5.3.0/lib/jwt_claims_set.ts": "927514104e4572604a7a00b6c32cdff5cee19423483d9a495a97195136aa4f96",
    "https://deno.land/x/jose@v5.3.0/lib/secs.ts": "40e09916007b3a393f20265ea84dc1df43974e86ec796ce0e5e6724f5917a2b8",
    "https://deno.land/x/jose@v5.3.0/lib/validate_algorithms.ts": "6b20f4b5f6935cd9edcd6eb2128226144ba792eaa7c47966c666a51baf1682eb",
    "https://deno.land/x/jose@v5.3.0/lib/validate_crit.ts": "b1214ae1413c969efdca2392c6feea9c3b92c531fc7e137c23397e0430421b86",
    "https://deno.land/x/jose@v5.3.0/runtime/aeskw.ts": "a9bd412c6d07b2606520972671a545cdb205f79f0a2e9ec0fb145fb2147319e1",
    "https://deno.land/x/jose@v5.3.0/runtime/asn1.ts": "013a633b824c18663c8c7f7ec8691bfe3dfef82ee58650de0c6d8ee26154bb6a",
    "https://deno.land/x/jose@v5.3.0/runtime/base64url.ts": "74ecb18b90de56bcc4424b6c911cfe49b56dd4a316978f5c8ee9a23560069636",
    "https://deno.land/x/jose@v5.3.0/runtime/bogus.ts": "4f1c967b0d9b4e7105e16ad8c173da55708f377ee5e201d8ee5fc613f3417f08",
    "https://deno.land/x/jose@v5.3.0/runtime/check_cek_length.ts": "2ee093fcb273602449ed7863ab6bd4dd2a7aeff99507e0573e3cd4b8d8099e5d",
    "https://deno.land/x/jose@v5.3.0/runtime/check_key_length.ts": "5656870cc4460602775134280bf46f17e27100b237bdb5c687aceabeffc8f2a2",
    "https://deno.land/x/jose@v5.3.0/runtime/decrypt.ts": "c53c80b90892b45f39d58e75a46f53032b131f2d9f5b6b74ddd215c79ca3ed8b",
    "https://deno.land/x/jose@v5.3.0/runtime/digest.ts": "cee73fad56ce596ffedc56811d174ab413e7981eb847eb67c0e77f213cc2ac2d",
    "https://deno.land/x/jose@v5.3.0/runtime/ecdhes.ts": "74a6f43dde87736179d814312b010087bea0c834f51adc9a93f79664f78cb75f",
    "https://deno.land/x/jose@v5.3.0/runtime/encrypt.ts": "a5a89b21010d3dda51544020fe4b2ab0d5d91e10044490fccc1af3d5104e8547",
    "https://deno.land/x/jose@v5.3.0/runtime/fetch_jwks.ts": "34b71aa6bbd51984d1009792499ea17133dcb11bf2f2d8fba60e8090d900fc20",
    "https://deno.land/x/jose@v5.3.0/runtime/generate.ts": "12473775d22140aa6ec9697a5b83cfb63581831f435b005577613b0ecaf33774",
    "https://deno.land/x/jose@v5.3.0/runtime/get_sign_verify_key.ts": "f08a086524491a54fb2a0e203819d4ca2b193444aecf6dfbaf6d400431cb439c",
    "https://deno.land/x/jose@v5.3.0/runtime/is_key_like.ts": "d9660a40820d254843721a53b51eb94a4db39a1ee36103ea8c28e2cc2207599b",
    "https://deno.land/x/jose@v5.3.0/runtime/jwk_to_key.ts": "ec0ce6cbbe2e91ee666d7c1cb8e42751dc56a79af3d8183b715874d24f489b4d",
    "https://deno.land/x/jose@v5.3.0/runtime/key_to_jwk.ts": "2af6f52abbe59316fa96771da48538c8f718b6fdd8703d185f8a87ef44c0f064",
    "https://deno.land/x/jose@v5.3.0/runtime/pbes2kw.ts": "ad084eb8dd144df8fd5d7e0b824806e35475398be0d3871c2016c3c467e24b19",
    "https://deno.land/x/jose@v5.3.0/runtime/random.ts": "3e9c8d08208e5dc186ae659535f0018303ff3b56615335bf0dfb5904fe36aab7",
    "https://deno.land/x/jose@v5.3.0/runtime/rsaes.ts": "124b6e87d8569b39d6f550b371303c79e9eb28aa0d9b14025eeaffe50282c987",
    "https://deno.land/x/jose@v5.3.0/runtime/runtime.ts": "d748ecb0c1b57020d6f6c41b4458cce74b4d15ab919c38a0ec32d12cee7f5976",
    "https://deno.land/x/jose@v5.3.0/runtime/sign.ts": "1524f8855538ca5fd607cd681f804ba421b0ec58f562118f3c635324ba053f90",
    "https://deno.land/x/jose@v5.3.0/runtime/subtle_dsa.ts": "bab28945afd1aac19d3142a70f0c44c4b283b581d33cf8e1234889b58338e80d",
    "https://deno.land/x/jose@v5.3.0/runtime/subtle_rsaes.ts": "26147da83932ebf7266d69ddd408f269395de05ddde64ba4e1585571bb61bd93",
    "https://deno.land/x/jose@v5.3.0/runtime/timing_safe_equal.ts": "fc5b3f4132cec56630eac4677fef2b519707a9c6a257f8ae86515b0d86ff5f6b",
    "https://deno.land/x/jose@v5.3.0/runtime/verify.ts": "d391e2286b47485247b475016c66999f5146a1cf8331115385a9ba629251c15e",
    "https://deno.land/x/jose@v5.3.0/runtime/webcrypto.ts": "3365b7d62eaa7e6befe5e2f4f67aa7859805c41b87064433b6e70f94501aa36e",
    "https://deno.land/x/jose@v5.3.0/util/base64url.ts": "d2567042684de8bf1e4f1ad67be40ab343ee192ddf1cf12ff1d940d6c1fa2bcb",
    "https://deno.land/x/jose@v5.3.0/util/decode_jwt.ts": "a7ea5eaf0a2fb99252eda082e9d25bc47181962fb42806b28a12723197bc7814",
    "https://deno.land/x/jose@v5.3.0/util/decode_protected_header.ts": "546eac15dd97d267373cb3d8d9a94ad03481f1328c4457560ffde9a5a595ebe8",
    "https://deno.land/x/jose@v5.3.0/util/errors.ts": "ca227b0dfbc2464bd0940969d2fbffcb80803d25b1dba6385dfe486e2aa0a089",
    "https://deno.land/x/jose@v5.3.0/util/runtime.ts": "088cae7df0d285065f141d880c5c21a572234997082337d1125d7f1603059642",
    "https://deno.land/x/which@0.3.0/mod.ts": "3e10d07953c14e4ddc809742a3447cef14202cdfe9be6678a1dfc8769c4487e6"
  }
}
